// !$*UTF8*$!
{
	archiveVersion = 1;
	classes = {
	};
	objectVersion = 46;
	objects = {

/* Begin PBXBuildFile section */
		F01A4038177A91FE00EB77AB /* OLImage.m in Sources */ = {isa = PBXBuildFile; fileRef = F01A4035177A91FE00EB77AB /* OLImage.m */; };
		F01A4039177A91FE00EB77AB /* OLImageView.m in Sources */ = {isa = PBXBuildFile; fileRef = F01A4037177A91FE00EB77AB /* OLImageView.m */; };
		F01A403B177A938F00EB77AB /* QuartzCore.framework in Frameworks */ = {isa = PBXBuildFile; fileRef = F01A403A177A938F00EB77AB /* QuartzCore.framework */; };
		F01A403D177A93BD00EB77AB /* MobileCoreServices.framework in Frameworks */ = {isa = PBXBuildFile; fileRef = F01A403C177A93BD00EB77AB /* MobileCoreServices.framework */; };
		F070AFD4177716330027C7BA /* UIKit.framework in Frameworks */ = {isa = PBXBuildFile; fileRef = F070AFD3177716330027C7BA /* UIKit.framework */; };
		F070AFD6177716330027C7BA /* Foundation.framework in Frameworks */ = {isa = PBXBuildFile; fileRef = F070AFD5177716330027C7BA /* Foundation.framework */; };
		F070AFD8177716330027C7BA /* CoreGraphics.framework in Frameworks */ = {isa = PBXBuildFile; fileRef = F070AFD7177716330027C7BA /* CoreGraphics.framework */; };
		F070AFDE177716330027C7BA /* InfoPlist.strings in Resources */ = {isa = PBXBuildFile; fileRef = F070AFDC177716330027C7BA /* InfoPlist.strings */; };
		F070AFE0177716330027C7BA /* main.m in Sources */ = {isa = PBXBuildFile; fileRef = F070AFDF177716330027C7BA /* main.m */; };
		F070AFE4177716330027C7BA /* SYNAppDelegate.m in Sources */ = {isa = PBXBuildFile; fileRef = F070AFE3177716330027C7BA /* SYNAppDelegate.m */; };
		F070AFED177716330027C7BA /* SYNRootViewController.m in Sources */ = {isa = PBXBuildFile; fileRef = F070AFEC177716330027C7BA /* SYNRootViewController.m */; };
		F070AFFB177716330027C7BA /* SenTestingKit.framework in Frameworks */ = {isa = PBXBuildFile; fileRef = F070AFFA177716330027C7BA /* SenTestingKit.framework */; };
		F070AFFC177716330027C7BA /* UIKit.framework in Frameworks */ = {isa = PBXBuildFile; fileRef = F070AFD3177716330027C7BA /* UIKit.framework */; };
		F070AFFD177716330027C7BA /* Foundation.framework in Frameworks */ = {isa = PBXBuildFile; fileRef = F070AFD5177716330027C7BA /* Foundation.framework */; };
		F070B005177716340027C7BA /* InfoPlist.strings in Resources */ = {isa = PBXBuildFile; fileRef = F070B003177716340027C7BA /* InfoPlist.strings */; };
		F070B008177716340027C7BA /* Cat_StreamerTests.m in Sources */ = {isa = PBXBuildFile; fileRef = F070B007177716340027C7BA /* Cat_StreamerTests.m */; };
		F070B014177716AF0027C7BA /* libTestFlight.a in Frameworks */ = {isa = PBXBuildFile; fileRef = F070B012177716AF0027C7BA /* libTestFlight.a */; };
		F070B015177716AF0027C7BA /* libTestFlight.a in Frameworks */ = {isa = PBXBuildFile; fileRef = F070B012177716AF0027C7BA /* libTestFlight.a */; };
		F070B017177716CA0027C7BA /* libz.dylib in Frameworks */ = {isa = PBXBuildFile; fileRef = F070B016177716CA0027C7BA /* libz.dylib */; };
		F070B0A4177718D40027C7BA /* AFHTTPClient.m in Sources */ = {isa = PBXBuildFile; fileRef = F070B047177718D30027C7BA /* AFHTTPClient.m */; };
		F070B0A5177718D40027C7BA /* AFHTTPClient.m in Sources */ = {isa = PBXBuildFile; fileRef = F070B047177718D30027C7BA /* AFHTTPClient.m */; };
		F070B0A6177718D40027C7BA /* AFHTTPRequestOperation.m in Sources */ = {isa = PBXBuildFile; fileRef = F070B049177718D30027C7BA /* AFHTTPRequestOperation.m */; };
		F070B0A7177718D40027C7BA /* AFHTTPRequestOperation.m in Sources */ = {isa = PBXBuildFile; fileRef = F070B049177718D30027C7BA /* AFHTTPRequestOperation.m */; };
		F070B0A8177718D40027C7BA /* AFImageRequestOperation.m in Sources */ = {isa = PBXBuildFile; fileRef = F070B04B177718D30027C7BA /* AFImageRequestOperation.m */; };
		F070B0A9177718D40027C7BA /* AFImageRequestOperation.m in Sources */ = {isa = PBXBuildFile; fileRef = F070B04B177718D30027C7BA /* AFImageRequestOperation.m */; };
		F070B0AA177718D40027C7BA /* AFJSONRequestOperation.m in Sources */ = {isa = PBXBuildFile; fileRef = F070B04D177718D30027C7BA /* AFJSONRequestOperation.m */; };
		F070B0AB177718D40027C7BA /* AFJSONRequestOperation.m in Sources */ = {isa = PBXBuildFile; fileRef = F070B04D177718D30027C7BA /* AFJSONRequestOperation.m */; };
		F070B0AC177718D40027C7BA /* AFNetworkActivityIndicatorManager.m in Sources */ = {isa = PBXBuildFile; fileRef = F070B04F177718D30027C7BA /* AFNetworkActivityIndicatorManager.m */; };
		F070B0AD177718D40027C7BA /* AFNetworkActivityIndicatorManager.m in Sources */ = {isa = PBXBuildFile; fileRef = F070B04F177718D30027C7BA /* AFNetworkActivityIndicatorManager.m */; };
		F070B0AE177718D40027C7BA /* AFPropertyListRequestOperation.m in Sources */ = {isa = PBXBuildFile; fileRef = F070B052177718D30027C7BA /* AFPropertyListRequestOperation.m */; };
		F070B0AF177718D40027C7BA /* AFPropertyListRequestOperation.m in Sources */ = {isa = PBXBuildFile; fileRef = F070B052177718D30027C7BA /* AFPropertyListRequestOperation.m */; };
		F070B0B0177718D40027C7BA /* AFURLConnectionOperation.m in Sources */ = {isa = PBXBuildFile; fileRef = F070B054177718D30027C7BA /* AFURLConnectionOperation.m */; };
		F070B0B1177718D40027C7BA /* AFURLConnectionOperation.m in Sources */ = {isa = PBXBuildFile; fileRef = F070B054177718D30027C7BA /* AFURLConnectionOperation.m */; };
		F070B0B2177718D40027C7BA /* AFXMLRequestOperation.m in Sources */ = {isa = PBXBuildFile; fileRef = F070B056177718D30027C7BA /* AFXMLRequestOperation.m */; };
		F070B0B3177718D40027C7BA /* AFXMLRequestOperation.m in Sources */ = {isa = PBXBuildFile; fileRef = F070B056177718D30027C7BA /* AFXMLRequestOperation.m */; };
		F070B0B4177718D40027C7BA /* UIImageView+AFNetworking.m in Sources */ = {isa = PBXBuildFile; fileRef = F070B058177718D30027C7BA /* UIImageView+AFNetworking.m */; };
		F070B0B5177718D40027C7BA /* UIImageView+AFNetworking.m in Sources */ = {isa = PBXBuildFile; fileRef = F070B058177718D30027C7BA /* UIImageView+AFNetworking.m */; };
		F070B13D17771A710027C7BA /* UIImage+animatedGIF.m in Sources */ = {isa = PBXBuildFile; fileRef = F070B12417771A710027C7BA /* UIImage+animatedGIF.m */; };
		F070B13E17771A710027C7BA /* UIImage+animatedGIF.m in Sources */ = {isa = PBXBuildFile; fileRef = F070B12417771A710027C7BA /* UIImage+animatedGIF.m */; };
		F070B14917771AA10027C7BA /* ImageIO.framework in Frameworks */ = {isa = PBXBuildFile; fileRef = F070B14817771AA10027C7BA /* ImageIO.framework */; };
		F070B153177723C30027C7BA /* SYNCatHerder.m in Sources */ = {isa = PBXBuildFile; fileRef = F070B152177723C30027C7BA /* SYNCatHerder.m */; };
		F070B154177723C30027C7BA /* SYNCatHerder.m in Sources */ = {isa = PBXBuildFile; fileRef = F070B152177723C30027C7BA /* SYNCatHerder.m */; };
		F070B157177724470027C7BA /* SYNCatViewController.m in Sources */ = {isa = PBXBuildFile; fileRef = F070B156177724470027C7BA /* SYNCatViewController.m */; };
		F070B158177724470027C7BA /* SYNCatViewController.m in Sources */ = {isa = PBXBuildFile; fileRef = F070B156177724470027C7BA /* SYNCatViewController.m */; };
		F070B15F1777285A0027C7BA /* Cats.storyboard in Resources */ = {isa = PBXBuildFile; fileRef = F070B15E1777285A0027C7BA /* Cats.storyboard */; };
		F070B1601777285A0027C7BA /* Cats.storyboard in Resources */ = {isa = PBXBuildFile; fileRef = F070B15E1777285A0027C7BA /* Cats.storyboard */; };
		F070B16917777EE70027C7BA /* nyan-cat-white-background.gif in Resources */ = {isa = PBXBuildFile; fileRef = F070B16817777EE70027C7BA /* nyan-cat-white-background.gif */; };
		F070B16A17777EE70027C7BA /* nyan-cat-white-background.gif in Resources */ = {isa = PBXBuildFile; fileRef = F070B16817777EE70027C7BA /* nyan-cat-white-background.gif */; };
		F070B172177798140027C7BA /* Default.png in Resources */ = {isa = PBXBuildFile; fileRef = F070B16E177798140027C7BA /* Default.png */; };
		F070B173177798140027C7BA /* Default.png in Resources */ = {isa = PBXBuildFile; fileRef = F070B16E177798140027C7BA /* Default.png */; };
		F070B174177798140027C7BA /* Default@2x.png in Resources */ = {isa = PBXBuildFile; fileRef = F070B16F177798140027C7BA /* Default@2x.png */; };
		F070B175177798140027C7BA /* Default@2x.png in Resources */ = {isa = PBXBuildFile; fileRef = F070B16F177798140027C7BA /* Default@2x.png */; };
		F070B177177798760027C7BA /* Default-568h@2x.png in Resources */ = {isa = PBXBuildFile; fileRef = F070B176177798750027C7BA /* Default-568h@2x.png */; };
/* End PBXBuildFile section */

/* Begin PBXContainerItemProxy section */
		F070AFFE177716340027C7BA /* PBXContainerItemProxy */ = {
			isa = PBXContainerItemProxy;
			containerPortal = F070AFC8177716330027C7BA /* Project object */;
			proxyType = 1;
			remoteGlobalIDString = F070AFCF177716330027C7BA;
			remoteInfo = "Cat Streamer";
		};
/* End PBXContainerItemProxy section */

/* Begin PBXFileReference section */
		F01A4034177A91FE00EB77AB /* OLImage.h */ = {isa = PBXFileReference; fileEncoding = 4; lastKnownFileType = sourcecode.c.h; name = OLImage.h; path = OLImageView/OLImage.h; sourceTree = "<group>"; };
		F01A4035177A91FE00EB77AB /* OLImage.m */ = {isa = PBXFileReference; fileEncoding = 4; lastKnownFileType = sourcecode.c.objc; name = OLImage.m; path = OLImageView/OLImage.m; sourceTree = "<group>"; };
		F01A4036177A91FE00EB77AB /* OLImageView.h */ = {isa = PBXFileReference; fileEncoding = 4; lastKnownFileType = sourcecode.c.h; name = OLImageView.h; path = OLImageView/OLImageView.h; sourceTree = "<group>"; };
		F01A4037177A91FE00EB77AB /* OLImageView.m */ = {isa = PBXFileReference; fileEncoding = 4; lastKnownFileType = sourcecode.c.objc; name = OLImageView.m; path = OLImageView/OLImageView.m; sourceTree = "<group>"; };
		F01A403A177A938F00EB77AB /* QuartzCore.framework */ = {isa = PBXFileReference; lastKnownFileType = wrapper.framework; name = QuartzCore.framework; path = System/Library/Frameworks/QuartzCore.framework; sourceTree = SDKROOT; };
		F01A403C177A93BD00EB77AB /* MobileCoreServices.framework */ = {isa = PBXFileReference; lastKnownFileType = wrapper.framework; name = MobileCoreServices.framework; path = System/Library/Frameworks/MobileCoreServices.framework; sourceTree = SDKROOT; };
		F070AFD0177716330027C7BA /* Cat Streamer.app */ = {isa = PBXFileReference; explicitFileType = wrapper.application; includeInIndex = 0; path = "Cat Streamer.app"; sourceTree = BUILT_PRODUCTS_DIR; };
		F070AFD3177716330027C7BA /* UIKit.framework */ = {isa = PBXFileReference; lastKnownFileType = wrapper.framework; name = UIKit.framework; path = System/Library/Frameworks/UIKit.framework; sourceTree = SDKROOT; };
		F070AFD5177716330027C7BA /* Foundation.framework */ = {isa = PBXFileReference; lastKnownFileType = wrapper.framework; name = Foundation.framework; path = System/Library/Frameworks/Foundation.framework; sourceTree = SDKROOT; };
		F070AFD7177716330027C7BA /* CoreGraphics.framework */ = {isa = PBXFileReference; lastKnownFileType = wrapper.framework; name = CoreGraphics.framework; path = System/Library/Frameworks/CoreGraphics.framework; sourceTree = SDKROOT; };
		F070AFDB177716330027C7BA /* Cat Streamer-Info.plist */ = {isa = PBXFileReference; lastKnownFileType = text.plist.xml; path = "Cat Streamer-Info.plist"; sourceTree = "<group>"; };
		F070AFDD177716330027C7BA /* en */ = {isa = PBXFileReference; lastKnownFileType = text.plist.strings; name = en; path = en.lproj/InfoPlist.strings; sourceTree = "<group>"; };
		F070AFDF177716330027C7BA /* main.m */ = {isa = PBXFileReference; lastKnownFileType = sourcecode.c.objc; path = main.m; sourceTree = "<group>"; };
		F070AFE1177716330027C7BA /* Cat Streamer-Prefix.pch */ = {isa = PBXFileReference; lastKnownFileType = sourcecode.c.h; path = "Cat Streamer-Prefix.pch"; sourceTree = "<group>"; };
		F070AFE2177716330027C7BA /* SYNAppDelegate.h */ = {isa = PBXFileReference; lastKnownFileType = sourcecode.c.h; path = SYNAppDelegate.h; sourceTree = "<group>"; };
		F070AFE3177716330027C7BA /* SYNAppDelegate.m */ = {isa = PBXFileReference; lastKnownFileType = sourcecode.c.objc; path = SYNAppDelegate.m; sourceTree = "<group>"; };
		F070AFEB177716330027C7BA /* SYNRootViewController.h */ = {isa = PBXFileReference; lastKnownFileType = sourcecode.c.h; path = SYNRootViewController.h; sourceTree = "<group>"; };
		F070AFEC177716330027C7BA /* SYNRootViewController.m */ = {isa = PBXFileReference; lastKnownFileType = sourcecode.c.objc; path = SYNRootViewController.m; sourceTree = "<group>"; };
		F070AFF9177716330027C7BA /* Cat StreamerTests.octest */ = {isa = PBXFileReference; explicitFileType = wrapper.cfbundle; includeInIndex = 0; path = "Cat StreamerTests.octest"; sourceTree = BUILT_PRODUCTS_DIR; };
		F070AFFA177716330027C7BA /* SenTestingKit.framework */ = {isa = PBXFileReference; lastKnownFileType = wrapper.framework; name = SenTestingKit.framework; path = Library/Frameworks/SenTestingKit.framework; sourceTree = DEVELOPER_DIR; };
		F070B002177716340027C7BA /* Cat StreamerTests-Info.plist */ = {isa = PBXFileReference; lastKnownFileType = text.plist.xml; path = "Cat StreamerTests-Info.plist"; sourceTree = "<group>"; };
		F070B004177716340027C7BA /* en */ = {isa = PBXFileReference; lastKnownFileType = text.plist.strings; name = en; path = en.lproj/InfoPlist.strings; sourceTree = "<group>"; };
		F070B006177716340027C7BA /* Cat_StreamerTests.h */ = {isa = PBXFileReference; lastKnownFileType = sourcecode.c.h; path = Cat_StreamerTests.h; sourceTree = "<group>"; };
		F070B007177716340027C7BA /* Cat_StreamerTests.m */ = {isa = PBXFileReference; lastKnownFileType = sourcecode.c.objc; path = Cat_StreamerTests.m; sourceTree = "<group>"; };
		F070B012177716AF0027C7BA /* libTestFlight.a */ = {isa = PBXFileReference; lastKnownFileType = archive.ar; path = libTestFlight.a; sourceTree = "<group>"; };
		F070B013177716AF0027C7BA /* TestFlight.h */ = {isa = PBXFileReference; fileEncoding = 4; lastKnownFileType = sourcecode.c.h; path = TestFlight.h; sourceTree = "<group>"; };
		F070B016177716CA0027C7BA /* libz.dylib */ = {isa = PBXFileReference; lastKnownFileType = "compiled.mach-o.dylib"; name = libz.dylib; path = usr/lib/libz.dylib; sourceTree = SDKROOT; };
		F070B046177718D30027C7BA /* AFHTTPClient.h */ = {isa = PBXFileReference; fileEncoding = 4; lastKnownFileType = sourcecode.c.h; name = AFHTTPClient.h; path = AFNetworking/AFHTTPClient.h; sourceTree = "<group>"; };
		F070B047177718D30027C7BA /* AFHTTPClient.m */ = {isa = PBXFileReference; fileEncoding = 4; lastKnownFileType = sourcecode.c.objc; name = AFHTTPClient.m; path = AFNetworking/AFHTTPClient.m; sourceTree = "<group>"; };
		F070B048177718D30027C7BA /* AFHTTPRequestOperation.h */ = {isa = PBXFileReference; fileEncoding = 4; lastKnownFileType = sourcecode.c.h; name = AFHTTPRequestOperation.h; path = AFNetworking/AFHTTPRequestOperation.h; sourceTree = "<group>"; };
		F070B049177718D30027C7BA /* AFHTTPRequestOperation.m */ = {isa = PBXFileReference; fileEncoding = 4; lastKnownFileType = sourcecode.c.objc; name = AFHTTPRequestOperation.m; path = AFNetworking/AFHTTPRequestOperation.m; sourceTree = "<group>"; };
		F070B04A177718D30027C7BA /* AFImageRequestOperation.h */ = {isa = PBXFileReference; fileEncoding = 4; lastKnownFileType = sourcecode.c.h; name = AFImageRequestOperation.h; path = AFNetworking/AFImageRequestOperation.h; sourceTree = "<group>"; };
		F070B04B177718D30027C7BA /* AFImageRequestOperation.m */ = {isa = PBXFileReference; fileEncoding = 4; lastKnownFileType = sourcecode.c.objc; name = AFImageRequestOperation.m; path = AFNetworking/AFImageRequestOperation.m; sourceTree = "<group>"; };
		F070B04C177718D30027C7BA /* AFJSONRequestOperation.h */ = {isa = PBXFileReference; fileEncoding = 4; lastKnownFileType = sourcecode.c.h; name = AFJSONRequestOperation.h; path = AFNetworking/AFJSONRequestOperation.h; sourceTree = "<group>"; };
		F070B04D177718D30027C7BA /* AFJSONRequestOperation.m */ = {isa = PBXFileReference; fileEncoding = 4; lastKnownFileType = sourcecode.c.objc; name = AFJSONRequestOperation.m; path = AFNetworking/AFJSONRequestOperation.m; sourceTree = "<group>"; };
		F070B04E177718D30027C7BA /* AFNetworkActivityIndicatorManager.h */ = {isa = PBXFileReference; fileEncoding = 4; lastKnownFileType = sourcecode.c.h; name = AFNetworkActivityIndicatorManager.h; path = AFNetworking/AFNetworkActivityIndicatorManager.h; sourceTree = "<group>"; };
		F070B04F177718D30027C7BA /* AFNetworkActivityIndicatorManager.m */ = {isa = PBXFileReference; fileEncoding = 4; lastKnownFileType = sourcecode.c.objc; name = AFNetworkActivityIndicatorManager.m; path = AFNetworking/AFNetworkActivityIndicatorManager.m; sourceTree = "<group>"; };
		F070B050177718D30027C7BA /* AFNetworking.h */ = {isa = PBXFileReference; fileEncoding = 4; lastKnownFileType = sourcecode.c.h; name = AFNetworking.h; path = AFNetworking/AFNetworking.h; sourceTree = "<group>"; };
		F070B051177718D30027C7BA /* AFPropertyListRequestOperation.h */ = {isa = PBXFileReference; fileEncoding = 4; lastKnownFileType = sourcecode.c.h; name = AFPropertyListRequestOperation.h; path = AFNetworking/AFPropertyListRequestOperation.h; sourceTree = "<group>"; };
		F070B052177718D30027C7BA /* AFPropertyListRequestOperation.m */ = {isa = PBXFileReference; fileEncoding = 4; lastKnownFileType = sourcecode.c.objc; name = AFPropertyListRequestOperation.m; path = AFNetworking/AFPropertyListRequestOperation.m; sourceTree = "<group>"; };
		F070B053177718D30027C7BA /* AFURLConnectionOperation.h */ = {isa = PBXFileReference; fileEncoding = 4; lastKnownFileType = sourcecode.c.h; name = AFURLConnectionOperation.h; path = AFNetworking/AFURLConnectionOperation.h; sourceTree = "<group>"; };
		F070B054177718D30027C7BA /* AFURLConnectionOperation.m */ = {isa = PBXFileReference; fileEncoding = 4; lastKnownFileType = sourcecode.c.objc; name = AFURLConnectionOperation.m; path = AFNetworking/AFURLConnectionOperation.m; sourceTree = "<group>"; };
		F070B055177718D30027C7BA /* AFXMLRequestOperation.h */ = {isa = PBXFileReference; fileEncoding = 4; lastKnownFileType = sourcecode.c.h; name = AFXMLRequestOperation.h; path = AFNetworking/AFXMLRequestOperation.h; sourceTree = "<group>"; };
		F070B056177718D30027C7BA /* AFXMLRequestOperation.m */ = {isa = PBXFileReference; fileEncoding = 4; lastKnownFileType = sourcecode.c.objc; name = AFXMLRequestOperation.m; path = AFNetworking/AFXMLRequestOperation.m; sourceTree = "<group>"; };
		F070B057177718D30027C7BA /* UIImageView+AFNetworking.h */ = {isa = PBXFileReference; fileEncoding = 4; lastKnownFileType = sourcecode.c.h; name = "UIImageView+AFNetworking.h"; path = "AFNetworking/UIImageView+AFNetworking.h"; sourceTree = "<group>"; };
		F070B058177718D30027C7BA /* UIImageView+AFNetworking.m */ = {isa = PBXFileReference; fileEncoding = 4; lastKnownFileType = sourcecode.c.objc; name = "UIImageView+AFNetworking.m"; path = "AFNetworking/UIImageView+AFNetworking.m"; sourceTree = "<group>"; };
		F070B12317771A710027C7BA /* UIImage+animatedGIF.h */ = {isa = PBXFileReference; fileEncoding = 4; lastKnownFileType = sourcecode.c.h; name = "UIImage+animatedGIF.h"; path = "uiimage-from-animated-gif/uiimage-from-animated-gif/UIImage+animatedGIF.h"; sourceTree = "<group>"; };
		F070B12417771A710027C7BA /* UIImage+animatedGIF.m */ = {isa = PBXFileReference; fileEncoding = 4; lastKnownFileType = sourcecode.c.objc; name = "UIImage+animatedGIF.m"; path = "uiimage-from-animated-gif/uiimage-from-animated-gif/UIImage+animatedGIF.m"; sourceTree = "<group>"; };
		F070B14817771AA10027C7BA /* ImageIO.framework */ = {isa = PBXFileReference; lastKnownFileType = wrapper.framework; name = ImageIO.framework; path = System/Library/Frameworks/ImageIO.framework; sourceTree = SDKROOT; };
		F070B151177723C20027C7BA /* SYNCatHerder.h */ = {isa = PBXFileReference; fileEncoding = 4; lastKnownFileType = sourcecode.c.h; name = SYNCatHerder.h; path = ../SYNCatHerder.h; sourceTree = "<group>"; };
		F070B152177723C30027C7BA /* SYNCatHerder.m */ = {isa = PBXFileReference; fileEncoding = 4; lastKnownFileType = sourcecode.c.objc; name = SYNCatHerder.m; path = ../SYNCatHerder.m; sourceTree = "<group>"; };
		F070B155177724470027C7BA /* SYNCatViewController.h */ = {isa = PBXFileReference; fileEncoding = 4; lastKnownFileType = sourcecode.c.h; path = SYNCatViewController.h; sourceTree = "<group>"; };
		F070B156177724470027C7BA /* SYNCatViewController.m */ = {isa = PBXFileReference; fileEncoding = 4; lastKnownFileType = sourcecode.c.objc; path = SYNCatViewController.m; sourceTree = "<group>"; };
		F070B15E1777285A0027C7BA /* Cats.storyboard */ = {isa = PBXFileReference; fileEncoding = 4; lastKnownFileType = file.storyboard; path = Cats.storyboard; sourceTree = "<group>"; };
		F070B16817777EE70027C7BA /* nyan-cat-white-background.gif */ = {isa = PBXFileReference; lastKnownFileType = image.gif; path = "nyan-cat-white-background.gif"; sourceTree = "<group>"; };
		F070B16E177798140027C7BA /* Default.png */ = {isa = PBXFileReference; lastKnownFileType = image.png; path = Default.png; sourceTree = "<group>"; };
		F070B16F177798140027C7BA /* Default@2x.png */ = {isa = PBXFileReference; lastKnownFileType = image.png; path = "Default@2x.png"; sourceTree = "<group>"; };
		F070B176177798750027C7BA /* Default-568h@2x.png */ = {isa = PBXFileReference; lastKnownFileType = image.png; name = "Default-568h@2x.png"; path = "../../../Default-568h@2x.png"; sourceTree = "<group>"; };
		F070B1781777DD200027C7BA /* iAd.framework */ = {isa = PBXFileReference; lastKnownFileType = wrapper.framework; name = iAd.framework; path = System/Library/Frameworks/iAd.framework; sourceTree = SDKROOT; };
/* End PBXFileReference section */

/* Begin PBXFrameworksBuildPhase section */
		F070AFCD177716330027C7BA /* Frameworks */ = {
			isa = PBXFrameworksBuildPhase;
			buildActionMask = 2147483647;
			files = (
				F01A403D177A93BD00EB77AB /* MobileCoreServices.framework in Frameworks */,
				F01A403B177A938F00EB77AB /* QuartzCore.framework in Frameworks */,
				F070B14917771AA10027C7BA /* ImageIO.framework in Frameworks */,
				F070AFD4177716330027C7BA /* UIKit.framework in Frameworks */,
				F070AFD6177716330027C7BA /* Foundation.framework in Frameworks */,
				F070AFD8177716330027C7BA /* CoreGraphics.framework in Frameworks */,
				F070B017177716CA0027C7BA /* libz.dylib in Frameworks */,
				F070B014177716AF0027C7BA /* libTestFlight.a in Frameworks */,
			);
			runOnlyForDeploymentPostprocessing = 0;
		};
		F070AFF5177716330027C7BA /* Frameworks */ = {
			isa = PBXFrameworksBuildPhase;
			buildActionMask = 2147483647;
			files = (
				F070AFFB177716330027C7BA /* SenTestingKit.framework in Frameworks */,
				F070AFFC177716330027C7BA /* UIKit.framework in Frameworks */,
				F070AFFD177716330027C7BA /* Foundation.framework in Frameworks */,
				F070B015177716AF0027C7BA /* libTestFlight.a in Frameworks */,
			);
			runOnlyForDeploymentPostprocessing = 0;
		};
/* End PBXFrameworksBuildPhase section */

/* Begin PBXGroup section */
		F070AFC7177716330027C7BA = {
			isa = PBXGroup;
			children = (
				F070B1781777DD200027C7BA /* iAd.framework */,
				F070AFD9177716330027C7BA /* Cat Streamer */,
				F070B000177716340027C7BA /* Cat StreamerTests */,
				F070B011177716650027C7BA /* Submodules */,
				F070AFD2177716330027C7BA /* Frameworks */,
				F070AFD1177716330027C7BA /* Products */,
			);
			sourceTree = "<group>";
		};
		F070AFD1177716330027C7BA /* Products */ = {
			isa = PBXGroup;
			children = (
				F070AFD0177716330027C7BA /* Cat Streamer.app */,
				F070AFF9177716330027C7BA /* Cat StreamerTests.octest */,
			);
			name = Products;
			sourceTree = "<group>";
		};
		F070AFD2177716330027C7BA /* Frameworks */ = {
			isa = PBXGroup;
			children = (
				F01A403C177A93BD00EB77AB /* MobileCoreServices.framework */,
				F01A403A177A938F00EB77AB /* QuartzCore.framework */,
				F070B14817771AA10027C7BA /* ImageIO.framework */,
				F070B016177716CA0027C7BA /* libz.dylib */,
				F070AFD3177716330027C7BA /* UIKit.framework */,
				F070AFD5177716330027C7BA /* Foundation.framework */,
				F070AFD7177716330027C7BA /* CoreGraphics.framework */,
				F070AFFA177716330027C7BA /* SenTestingKit.framework */,
			);
			name = Frameworks;
			sourceTree = "<group>";
		};
		F070AFD9177716330027C7BA /* Cat Streamer */ = {
			isa = PBXGroup;
			children = (
				F070AFE2177716330027C7BA /* SYNAppDelegate.h */,
				F070AFE3177716330027C7BA /* SYNAppDelegate.m */,
				F070AFEB177716330027C7BA /* SYNRootViewController.h */,
				F070AFEC177716330027C7BA /* SYNRootViewController.m */,
				F070B155177724470027C7BA /* SYNCatViewController.h */,
				F070B156177724470027C7BA /* SYNCatViewController.m */,
				F070B151177723C20027C7BA /* SYNCatHerder.h */,
				F070B152177723C30027C7BA /* SYNCatHerder.m */,
				F070AFDA177716330027C7BA /* Supporting Files */,
				F070B15E1777285A0027C7BA /* Cats.storyboard */,
			);
			path = "Cat Streamer";
			sourceTree = "<group>";
		};
		F070AFDA177716330027C7BA /* Supporting Files */ = {
			isa = PBXGroup;
			children = (
				F070B16B177798140027C7BA /* Assets */,
				F070B16117772AD50027C7BA /* Cats */,
				F070B012177716AF0027C7BA /* libTestFlight.a */,
				F070B013177716AF0027C7BA /* TestFlight.h */,
				F070AFDB177716330027C7BA /* Cat Streamer-Info.plist */,
				F070AFDC177716330027C7BA /* InfoPlist.strings */,
				F070AFDF177716330027C7BA /* main.m */,
				F070AFE1177716330027C7BA /* Cat Streamer-Prefix.pch */,
			);
			name = "Supporting Files";
			sourceTree = "<group>";
		};
		F070B000177716340027C7BA /* Cat StreamerTests */ = {
			isa = PBXGroup;
			children = (
				F070B006177716340027C7BA /* Cat_StreamerTests.h */,
				F070B007177716340027C7BA /* Cat_StreamerTests.m */,
				F070B001177716340027C7BA /* Supporting Files */,
			);
			path = "Cat StreamerTests";
			sourceTree = "<group>";
		};
		F070B001177716340027C7BA /* Supporting Files */ = {
			isa = PBXGroup;
			children = (
				F070B002177716340027C7BA /* Cat StreamerTests-Info.plist */,
				F070B003177716340027C7BA /* InfoPlist.strings */,
			);
			name = "Supporting Files";
			sourceTree = "<group>";
		};
		F070B011177716650027C7BA /* Submodules */ = {
			isa = PBXGroup;
			children = (
				F070B12317771A710027C7BA /* UIImage+animatedGIF.h */,
				F070B12417771A710027C7BA /* UIImage+animatedGIF.m */,
				F01A4034177A91FE00EB77AB /* OLImage.h */,
				F01A4035177A91FE00EB77AB /* OLImage.m */,
				F01A4036177A91FE00EB77AB /* OLImageView.h */,
				F01A4037177A91FE00EB77AB /* OLImageView.m */,
				F070B042177718D30027C7BA /* AFNetworking */,
			);
			name = Submodules;
			sourceTree = "<group>";
		};
		F070B042177718D30027C7BA /* AFNetworking */ = {
			isa = PBXGroup;
			children = (
				F070B046177718D30027C7BA /* AFHTTPClient.h */,
				F070B047177718D30027C7BA /* AFHTTPClient.m */,
				F070B048177718D30027C7BA /* AFHTTPRequestOperation.h */,
				F070B049177718D30027C7BA /* AFHTTPRequestOperation.m */,
				F070B04A177718D30027C7BA /* AFImageRequestOperation.h */,
				F070B04B177718D30027C7BA /* AFImageRequestOperation.m */,
				F070B04C177718D30027C7BA /* AFJSONRequestOperation.h */,
				F070B04D177718D30027C7BA /* AFJSONRequestOperation.m */,
				F070B04E177718D30027C7BA /* AFNetworkActivityIndicatorManager.h */,
				F070B04F177718D30027C7BA /* AFNetworkActivityIndicatorManager.m */,
				F070B050177718D30027C7BA /* AFNetworking.h */,
				F070B051177718D30027C7BA /* AFPropertyListRequestOperation.h */,
				F070B052177718D30027C7BA /* AFPropertyListRequestOperation.m */,
				F070B053177718D30027C7BA /* AFURLConnectionOperation.h */,
				F070B054177718D30027C7BA /* AFURLConnectionOperation.m */,
				F070B055177718D30027C7BA /* AFXMLRequestOperation.h */,
				F070B056177718D30027C7BA /* AFXMLRequestOperation.m */,
				F070B057177718D30027C7BA /* UIImageView+AFNetworking.h */,
				F070B058177718D30027C7BA /* UIImageView+AFNetworking.m */,
			);
			path = AFNetworking;
			sourceTree = "<group>";
		};
		F070B16117772AD50027C7BA /* Cats */ = {
			isa = PBXGroup;
			children = (
				F070B16817777EE70027C7BA /* nyan-cat-white-background.gif */,
			);
			path = Cats;
			sourceTree = "<group>";
		};
		F070B16B177798140027C7BA /* Assets */ = {
			isa = PBXGroup;
			children = (
				F070B16C177798140027C7BA /* Launchers */,
			);
			path = Assets;
			sourceTree = "<group>";
		};
		F070B16C177798140027C7BA /* Launchers */ = {
			isa = PBXGroup;
			children = (
				F070B176177798750027C7BA /* Default-568h@2x.png */,
				F070B16E177798140027C7BA /* Default.png */,
				F070B16F177798140027C7BA /* Default@2x.png */,
			);
			path = Launchers;
			sourceTree = "<group>";
		};
/* End PBXGroup section */

/* Begin PBXNativeTarget section */
		F070AFCF177716330027C7BA /* Cat Streamer */ = {
			isa = PBXNativeTarget;
			buildConfigurationList = F070B00B177716340027C7BA /* Build configuration list for PBXNativeTarget "Cat Streamer" */;
			buildPhases = (
				F070AFCC177716330027C7BA /* Sources */,
				F070AFCD177716330027C7BA /* Frameworks */,
				F070AFCE177716330027C7BA /* Resources */,
			);
			buildRules = (
			);
			dependencies = (
			);
			name = "Cat Streamer";
			productName = "Cat Streamer";
			productReference = F070AFD0177716330027C7BA /* Cat Streamer.app */;
			productType = "com.apple.product-type.application";
		};
		F070AFF8177716330027C7BA /* Cat StreamerTests */ = {
			isa = PBXNativeTarget;
			buildConfigurationList = F070B00E177716340027C7BA /* Build configuration list for PBXNativeTarget "Cat StreamerTests" */;
			buildPhases = (
				F070AFF4177716330027C7BA /* Sources */,
				F070AFF5177716330027C7BA /* Frameworks */,
				F070AFF6177716330027C7BA /* Resources */,
				F070AFF7177716330027C7BA /* ShellScript */,
			);
			buildRules = (
			);
			dependencies = (
				F070AFFF177716340027C7BA /* PBXTargetDependency */,
			);
			name = "Cat StreamerTests";
			productName = "Cat StreamerTests";
			productReference = F070AFF9177716330027C7BA /* Cat StreamerTests.octest */;
			productType = "com.apple.product-type.bundle";
		};
/* End PBXNativeTarget section */

/* Begin PBXProject section */
		F070AFC8177716330027C7BA /* Project object */ = {
			isa = PBXProject;
			attributes = {
				CLASSPREFIX = SYN;
				LastUpgradeCheck = 0460;
				ORGANIZATIONNAME = "Mark Olson";
			};
			buildConfigurationList = F070AFCB177716330027C7BA /* Build configuration list for PBXProject "Cat Streamer" */;
			compatibilityVersion = "Xcode 3.2";
			developmentRegion = English;
			hasScannedForEncodings = 0;
			knownRegions = (
				en,
			);
			mainGroup = F070AFC7177716330027C7BA;
			productRefGroup = F070AFD1177716330027C7BA /* Products */;
			projectDirPath = "";
			projectRoot = "";
			targets = (
				F070AFCF177716330027C7BA /* Cat Streamer */,
				F070AFF8177716330027C7BA /* Cat StreamerTests */,
			);
		};
/* End PBXProject section */

/* Begin PBXResourcesBuildPhase section */
		F070AFCE177716330027C7BA /* Resources */ = {
			isa = PBXResourcesBuildPhase;
			buildActionMask = 2147483647;
			files = (
				F070AFDE177716330027C7BA /* InfoPlist.strings in Resources */,
				F070B15F1777285A0027C7BA /* Cats.storyboard in Resources */,
				F070B16917777EE70027C7BA /* nyan-cat-white-background.gif in Resources */,
				F070B172177798140027C7BA /* Default.png in Resources */,
				F070B174177798140027C7BA /* Default@2x.png in Resources */,
				F070B177177798760027C7BA /* Default-568h@2x.png in Resources */,
			);
			runOnlyForDeploymentPostprocessing = 0;
		};
		F070AFF6177716330027C7BA /* Resources */ = {
			isa = PBXResourcesBuildPhase;
			buildActionMask = 2147483647;
			files = (
				F070B005177716340027C7BA /* InfoPlist.strings in Resources */,
				F070B1601777285A0027C7BA /* Cats.storyboard in Resources */,
				F070B16A17777EE70027C7BA /* nyan-cat-white-background.gif in Resources */,
				F070B173177798140027C7BA /* Default.png in Resources */,
				F070B175177798140027C7BA /* Default@2x.png in Resources */,
			);
			runOnlyForDeploymentPostprocessing = 0;
		};
/* End PBXResourcesBuildPhase section */

/* Begin PBXShellScriptBuildPhase section */
		F070AFF7177716330027C7BA /* ShellScript */ = {
			isa = PBXShellScriptBuildPhase;
			buildActionMask = 2147483647;
			files = (
			);
			inputPaths = (
			);
			outputPaths = (
			);
			runOnlyForDeploymentPostprocessing = 0;
			shellPath = /bin/sh;
			shellScript = "# Run the unit tests in this test bundle.\n\"${SYSTEM_DEVELOPER_DIR}/Tools/RunUnitTests\"\n";
		};
/* End PBXShellScriptBuildPhase section */

/* Begin PBXSourcesBuildPhase section */
		F070AFCC177716330027C7BA /* Sources */ = {
			isa = PBXSourcesBuildPhase;
			buildActionMask = 2147483647;
			files = (
				F070AFE0177716330027C7BA /* main.m in Sources */,
				F070AFE4177716330027C7BA /* SYNAppDelegate.m in Sources */,
				F01A4038177A91FE00EB77AB /* OLImage.m in Sources */,
				F070AFED177716330027C7BA /* SYNRootViewController.m in Sources */,
				F070B0A4177718D40027C7BA /* AFHTTPClient.m in Sources */,
				F070B0A6177718D40027C7BA /* AFHTTPRequestOperation.m in Sources */,
				F070B0A8177718D40027C7BA /* AFImageRequestOperation.m in Sources */,
				F070B0AA177718D40027C7BA /* AFJSONRequestOperation.m in Sources */,
				F070B0AC177718D40027C7BA /* AFNetworkActivityIndicatorManager.m in Sources */,
				F070B0AE177718D40027C7BA /* AFPropertyListRequestOperation.m in Sources */,
				F070B0B0177718D40027C7BA /* AFURLConnectionOperation.m in Sources */,
				F070B0B2177718D40027C7BA /* AFXMLRequestOperation.m in Sources */,
				F070B0B4177718D40027C7BA /* UIImageView+AFNetworking.m in Sources */,
				F070B13D17771A710027C7BA /* UIImage+animatedGIF.m in Sources */,
				F070B153177723C30027C7BA /* SYNCatHerder.m in Sources */,
				F01A4039177A91FE00EB77AB /* OLImageView.m in Sources */,
				F070B157177724470027C7BA /* SYNCatViewController.m in Sources */,
			);
			runOnlyForDeploymentPostprocessing = 0;
		};
		F070AFF4177716330027C7BA /* Sources */ = {
			isa = PBXSourcesBuildPhase;
			buildActionMask = 2147483647;
			files = (
				F070B008177716340027C7BA /* Cat_StreamerTests.m in Sources */,
				F070B0A5177718D40027C7BA /* AFHTTPClient.m in Sources */,
				F070B0A7177718D40027C7BA /* AFHTTPRequestOperation.m in Sources */,
				F070B0A9177718D40027C7BA /* AFImageRequestOperation.m in Sources */,
				F070B0AB177718D40027C7BA /* AFJSONRequestOperation.m in Sources */,
				F070B0AD177718D40027C7BA /* AFNetworkActivityIndicatorManager.m in Sources */,
				F070B0AF177718D40027C7BA /* AFPropertyListRequestOperation.m in Sources */,
				F070B0B1177718D40027C7BA /* AFURLConnectionOperation.m in Sources */,
				F070B0B3177718D40027C7BA /* AFXMLRequestOperation.m in Sources */,
				F070B0B5177718D40027C7BA /* UIImageView+AFNetworking.m in Sources */,
				F070B13E17771A710027C7BA /* UIImage+animatedGIF.m in Sources */,
				F070B154177723C30027C7BA /* SYNCatHerder.m in Sources */,
				F070B158177724470027C7BA /* SYNCatViewController.m in Sources */,
			);
			runOnlyForDeploymentPostprocessing = 0;
		};
/* End PBXSourcesBuildPhase section */

/* Begin PBXTargetDependency section */
		F070AFFF177716340027C7BA /* PBXTargetDependency */ = {
			isa = PBXTargetDependency;
			target = F070AFCF177716330027C7BA /* Cat Streamer */;
			targetProxy = F070AFFE177716340027C7BA /* PBXContainerItemProxy */;
		};
/* End PBXTargetDependency section */

/* Begin PBXVariantGroup section */
		F070AFDC177716330027C7BA /* InfoPlist.strings */ = {
			isa = PBXVariantGroup;
			children = (
				F070AFDD177716330027C7BA /* en */,
			);
			name = InfoPlist.strings;
			sourceTree = "<group>";
		};
		F070B003177716340027C7BA /* InfoPlist.strings */ = {
			isa = PBXVariantGroup;
			children = (
				F070B004177716340027C7BA /* en */,
			);
			name = InfoPlist.strings;
			sourceTree = "<group>";
		};
/* End PBXVariantGroup section */

/* Begin XCBuildConfiguration section */
		F070B009177716340027C7BA /* Debug */ = {
			isa = XCBuildConfiguration;
			buildSettings = {
				ALWAYS_SEARCH_USER_PATHS = NO;
				CLANG_CXX_LANGUAGE_STANDARD = "gnu++0x";
				CLANG_CXX_LIBRARY = "libc++";
				CLANG_ENABLE_OBJC_ARC = YES;
				CLANG_WARN_CONSTANT_CONVERSION = YES;
				CLANG_WARN_EMPTY_BODY = YES;
				CLANG_WARN_ENUM_CONVERSION = YES;
				CLANG_WARN_INT_CONVERSION = YES;
				CLANG_WARN__DUPLICATE_METHOD_MATCH = YES;
				"CODE_SIGN_IDENTITY[sdk=iphoneos*]" = "iPhone Developer";
				COPY_PHASE_STRIP = NO;
				GCC_C_LANGUAGE_STANDARD = gnu99;
				GCC_DYNAMIC_NO_PIC = NO;
				GCC_OPTIMIZATION_LEVEL = 0;
				GCC_PREPROCESSOR_DEFINITIONS = (
					"DEBUG=1",
					"$(inherited)",
				);
				GCC_SYMBOLS_PRIVATE_EXTERN = NO;
				GCC_WARN_ABOUT_RETURN_TYPE = YES;
				GCC_WARN_UNINITIALIZED_AUTOS = YES;
				GCC_WARN_UNUSED_VARIABLE = YES;
				IPHONEOS_DEPLOYMENT_TARGET = 6.1;
				ONLY_ACTIVE_ARCH = YES;
				SDKROOT = iphoneos;
				TARGETED_DEVICE_FAMILY = "1,2";
			};
			name = Debug;
		};
		F070B00A177716340027C7BA /* Release */ = {
			isa = XCBuildConfiguration;
			buildSettings = {
				ALWAYS_SEARCH_USER_PATHS = NO;
				CLANG_CXX_LANGUAGE_STANDARD = "gnu++0x";
				CLANG_CXX_LIBRARY = "libc++";
				CLANG_ENABLE_OBJC_ARC = YES;
				CLANG_WARN_CONSTANT_CONVERSION = YES;
				CLANG_WARN_EMPTY_BODY = YES;
				CLANG_WARN_ENUM_CONVERSION = YES;
				CLANG_WARN_INT_CONVERSION = YES;
				CLANG_WARN__DUPLICATE_METHOD_MATCH = YES;
				"CODE_SIGN_IDENTITY[sdk=iphoneos*]" = "iPhone Developer";
				COPY_PHASE_STRIP = YES;
				GCC_C_LANGUAGE_STANDARD = gnu99;
				GCC_WARN_ABOUT_RETURN_TYPE = YES;
				GCC_WARN_UNINITIALIZED_AUTOS = YES;
				GCC_WARN_UNUSED_VARIABLE = YES;
				IPHONEOS_DEPLOYMENT_TARGET = 6.1;
				OTHER_CFLAGS = "-DNS_BLOCK_ASSERTIONS=1";
				SDKROOT = iphoneos;
				TARGETED_DEVICE_FAMILY = "1,2";
				VALIDATE_PRODUCT = YES;
			};
			name = Release;
		};
		F070B00C177716340027C7BA /* Debug */ = {
			isa = XCBuildConfiguration;
			buildSettings = {
				CODE_SIGN_IDENTITY = "iPhone Developer";
				GCC_PRECOMPILE_PREFIX_HEADER = YES;
				GCC_PREFIX_HEADER = "Cat Streamer/Cat Streamer-Prefix.pch";
				INFOPLIST_FILE = "Cat Streamer/Cat Streamer-Info.plist";
				IPHONEOS_DEPLOYMENT_TARGET = 5.0;
				LIBRARY_SEARCH_PATHS = (
					"$(inherited)",
					"\"$(SRCROOT)/Cat Streamer\"",
				);
				PRODUCT_NAME = "$(TARGET_NAME)";
				TARGETED_DEVICE_FAMILY = 1;
				WRAPPER_EXTENSION = app;
			};
			name = Debug;
		};
		F070B00D177716340027C7BA /* Release */ = {
			isa = XCBuildConfiguration;
			buildSettings = {
				CODE_SIGN_IDENTITY = "iPhone Developer";
				"CODE_SIGN_IDENTITY[sdk=iphoneos*]" = "iPhone Distribution: mark olson (3GPLXW6899)";
				GCC_PRECOMPILE_PREFIX_HEADER = YES;
				GCC_PREFIX_HEADER = "Cat Streamer/Cat Streamer-Prefix.pch";
				INFOPLIST_FILE = "Cat Streamer/Cat Streamer-Info.plist";
				IPHONEOS_DEPLOYMENT_TARGET = 5.0;
				LIBRARY_SEARCH_PATHS = (
					"$(inherited)",
					"\"$(SRCROOT)/Cat Streamer\"",
				);
				PRODUCT_NAME = "$(TARGET_NAME)";
				TARGETED_DEVICE_FAMILY = 1;
				WRAPPER_EXTENSION = app;
			};
			name = Release;
		};
		F070B00F177716340027C7BA /* Debug */ = {
			isa = XCBuildConfiguration;
			buildSettings = {
				BUNDLE_LOADER = "$(BUILT_PRODUCTS_DIR)/Cat Streamer.app/Cat Streamer";
				FRAMEWORK_SEARCH_PATHS = (
					"\"$(SDKROOT)/Developer/Library/Frameworks\"",
					"\"$(DEVELOPER_LIBRARY_DIR)/Frameworks\"",
				);
				GCC_PRECOMPILE_PREFIX_HEADER = YES;
				GCC_PREFIX_HEADER = "Cat Streamer/Cat Streamer-Prefix.pch";
				INFOPLIST_FILE = "Cat StreamerTests/Cat StreamerTests-Info.plist";
				LIBRARY_SEARCH_PATHS = (
					"$(inherited)",
					"\"$(SRCROOT)/Cat Streamer\"",
				);
				PRODUCT_NAME = "$(TARGET_NAME)";
				TEST_HOST = "$(BUNDLE_LOADER)";
				WRAPPER_EXTENSION = octest;
			};
			name = Debug;
		};
		F070B010177716340027C7BA /* Release */ = {
			isa = XCBuildConfiguration;
			buildSettings = {
				BUNDLE_LOADER = "$(BUILT_PRODUCTS_DIR)/Cat Streamer.app/Cat Streamer";
				FRAMEWORK_SEARCH_PATHS = (
					"\"$(SDKROOT)/Developer/Library/Frameworks\"",
					"\"$(DEVELOPER_LIBRARY_DIR)/Frameworks\"",
				);
				GCC_PRECOMPILE_PREFIX_HEADER = YES;
				GCC_PREFIX_HEADER = "Cat Streamer/Cat Streamer-Prefix.pch";
				INFOPLIST_FILE = "Cat StreamerTests/Cat StreamerTests-Info.plist";
				LIBRARY_SEARCH_PATHS = (
					"$(inherited)",
					"\"$(SRCROOT)/Cat Streamer\"",
				);
				PRODUCT_NAME = "$(TARGET_NAME)";
				TEST_HOST = "$(BUNDLE_LOADER)";
				WRAPPER_EXTENSION = octest;
			};
			name = Release;
		};
/* End XCBuildConfiguration section */

/* Begin XCConfigurationList section */
		F070AFCB177716330027C7BA /* Build configuration list for PBXProject "Cat Streamer" */ = {
			isa = XCConfigurationList;
			buildConfigurations = (
				F070B009177716340027C7BA /* Debug */,
				F070B00A177716340027C7BA /* Release */,
			);
			defaultConfigurationIsVisible = 0;
			defaultConfigurationName = Release;
		};
		F070B00B177716340027C7BA /* Build configuration list for PBXNativeTarget "Cat Streamer" */ = {
			isa = XCConfigurationList;
			buildConfigurations = (
				F070B00C177716340027C7BA /* Debug */,
				F070B00D177716340027C7BA /* Release */,
			);
			defaultConfigurationIsVisible = 0;
			defaultConfigurationName = Release;
		};
		F070B00E177716340027C7BA /* Build configuration list for PBXNativeTarget "Cat StreamerTests" */ = {
			isa = XCConfigurationList;
			buildConfigurations = (
				F070B00F177716340027C7BA /* Debug */,
				F070B010177716340027C7BA /* Release */,
			);
			defaultConfigurationIsVisible = 0;
			defaultConfigurationName = Release;
		};
/* End XCConfigurationList section */
	};
	rootObject = F070AFC8177716330027C7BA /* Project object */;
}
