// !$*UTF8*$!
{
	archiveVersion = 1;
	classes = {
	};
	objectVersion = 46;
	objects = {

/* Begin PBXBuildFile section */
		4D08AE2E17D5882700231594 /* Images.xcassets in Resources */ = {isa = PBXBuildFile; fileRef = 4D08AE2D17D5882700231594 /* Images.xcassets */; };
		4D08AE3617D589ED00231594 /* nyancon@2x.jpg in Resources */ = {isa = PBXBuildFile; fileRef = 4D08AE3517D589ED00231594 /* nyancon@2x.jpg */; };
		4D08AE3817D58A0B00231594 /* nyancon@2x.png in Resources */ = {isa = PBXBuildFile; fileRef = 4D08AE3717D58A0B00231594 /* nyancon@2x.png */; };
		4D08AE3A17D58A3600231594 /* nyancon.png in Resources */ = {isa = PBXBuildFile; fileRef = 4D08AE3917D58A3600231594 /* nyancon.png */; };
		4D08AE3C17D58A5800231594 /* nyancon-b@2x.png in Resources */ = {isa = PBXBuildFile; fileRef = 4D08AE3B17D58A5800231594 /* nyancon-b@2x.png */; };
		4D62DD1317D56F86009B65B3 /* NSTimer+Blocks.m in Sources */ = {isa = PBXBuildFile; fileRef = 4D62DD1217D56F86009B65B3 /* NSTimer+Blocks.m */; };
		4DB98FD2184ACDF3007F0D97 /* OWActivityViewController.strings in Resources */ = {isa = PBXBuildFile; fileRef = 4DB98F9F184ACDF3007F0D97 /* OWActivityViewController.strings */; };
		4DB98FD3184ACDF3007F0D97 /* OWActivityViewController.strings in Resources */ = {isa = PBXBuildFile; fileRef = 4DB98FA2184ACDF3007F0D97 /* OWActivityViewController.strings */; };
		4DB98FD4184ACDF3007F0D97 /* OWActivity.m in Sources */ = {isa = PBXBuildFile; fileRef = 4DB98FAC184ACDF3007F0D97 /* OWActivity.m */; };
		4DB98FD5184ACDF3007F0D97 /* OWActivityDelegateObject.m in Sources */ = {isa = PBXBuildFile; fileRef = 4DB98FAE184ACDF3007F0D97 /* OWActivityDelegateObject.m */; };
		4DB98FD6184ACDF3007F0D97 /* OWActivityView.m in Sources */ = {isa = PBXBuildFile; fileRef = 4DB98FB0184ACDF3007F0D97 /* OWActivityView.m */; };
		4DB98FD7184ACDF3007F0D97 /* OWActivityViewController.bundle in Resources */ = {isa = PBXBuildFile; fileRef = 4DB98FB1184ACDF3007F0D97 /* OWActivityViewController.bundle */; };
		4DB98FD8184ACDF3007F0D97 /* OWActivityViewController.m in Sources */ = {isa = PBXBuildFile; fileRef = 4DB98FB3184ACDF3007F0D97 /* OWActivityViewController.m */; };
		4DB98FD9184ACDF3007F0D97 /* OWCopyActivity.m in Sources */ = {isa = PBXBuildFile; fileRef = 4DB98FB5184ACDF3007F0D97 /* OWCopyActivity.m */; };
		4DB98FDA184ACDF3007F0D97 /* OWFacebookActivity.m in Sources */ = {isa = PBXBuildFile; fileRef = 4DB98FB7184ACDF3007F0D97 /* OWFacebookActivity.m */; };
		4DB98FDB184ACDF3007F0D97 /* OWMailActivity.m in Sources */ = {isa = PBXBuildFile; fileRef = 4DB98FB9184ACDF3007F0D97 /* OWMailActivity.m */; };
		4DB98FDC184ACDF3007F0D97 /* OWMapsActivity.m in Sources */ = {isa = PBXBuildFile; fileRef = 4DB98FBB184ACDF3007F0D97 /* OWMapsActivity.m */; };
		4DB98FDD184ACDF3007F0D97 /* OWMessageActivity.m in Sources */ = {isa = PBXBuildFile; fileRef = 4DB98FBD184ACDF3007F0D97 /* OWMessageActivity.m */; };
		4DB98FDE184ACDF3007F0D97 /* OWPrintActivity.m in Sources */ = {isa = PBXBuildFile; fileRef = 4DB98FBF184ACDF3007F0D97 /* OWPrintActivity.m */; };
		4DB98FDF184ACDF3007F0D97 /* OWSafariActivity.m in Sources */ = {isa = PBXBuildFile; fileRef = 4DB98FC1184ACDF3007F0D97 /* OWSafariActivity.m */; };
		4DB98FE0184ACDF3007F0D97 /* OWSaveToCameraRollActivity.m in Sources */ = {isa = PBXBuildFile; fileRef = 4DB98FC3184ACDF3007F0D97 /* OWSaveToCameraRollActivity.m */; };
		4DB98FE1184ACDF3007F0D97 /* OWSinaWeiboActivity.m in Sources */ = {isa = PBXBuildFile; fileRef = 4DB98FC5184ACDF3007F0D97 /* OWSinaWeiboActivity.m */; };
		4DB98FE2184ACDF3007F0D97 /* OWTwitterActivity.m in Sources */ = {isa = PBXBuildFile; fileRef = 4DB98FC7184ACDF3007F0D97 /* OWTwitterActivity.m */; };
		4DB98FE4184ACDF3007F0D97 /* UIImage+Resize.m in Sources */ = {isa = PBXBuildFile; fileRef = 4DB98FCB184ACDF3007F0D97 /* UIImage+Resize.m */; };
		4DB98FF0184ACF1D007F0D97 /* Social.framework in Frameworks */ = {isa = PBXBuildFile; fileRef = 4DB98FED184ACE2F007F0D97 /* Social.framework */; };
		4DB98FF1184ACF22007F0D97 /* Twitter.framework in Frameworks */ = {isa = PBXBuildFile; fileRef = 4DB98FEB184ACE1E007F0D97 /* Twitter.framework */; };
		4DB98FF2184ACF5F007F0D97 /* MessageUI.framework in Frameworks */ = {isa = PBXBuildFile; fileRef = 4DB98FE9184ACE16007F0D97 /* MessageUI.framework */; };
		4DB98FF3184ACF6E007F0D97 /* AssetsLibrary.framework in Frameworks */ = {isa = PBXBuildFile; fileRef = 4DB98FE7184ACE09007F0D97 /* AssetsLibrary.framework */; };
		4DB98FF9184ADE30007F0D97 /* libTestFlight.a in Frameworks */ = {isa = PBXBuildFile; fileRef = 4DB98FF8184ADE30007F0D97 /* libTestFlight.a */; };
		F01A4038177A91FE00EB77AB /* OLImage.m in Sources */ = {isa = PBXBuildFile; fileRef = F01A4035177A91FE00EB77AB /* OLImage.m */; };
		F01A4039177A91FE00EB77AB /* OLImageView.m in Sources */ = {isa = PBXBuildFile; fileRef = F01A4037177A91FE00EB77AB /* OLImageView.m */; };
		F01A403B177A938F00EB77AB /* QuartzCore.framework in Frameworks */ = {isa = PBXBuildFile; fileRef = F01A403A177A938F00EB77AB /* QuartzCore.framework */; };
		F01A403D177A93BD00EB77AB /* MobileCoreServices.framework in Frameworks */ = {isa = PBXBuildFile; fileRef = F01A403C177A93BD00EB77AB /* MobileCoreServices.framework */; };
		F036D5FA17861DBE00B3560C /* iAd.framework in Frameworks */ = {isa = PBXBuildFile; fileRef = F070B1781777DD200027C7BA /* iAd.framework */; };
		F036D5FE17862B7100B3560C /* SYNStatusBarController.m in Sources */ = {isa = PBXBuildFile; fileRef = F036D5FC17862B7100B3560C /* SYNStatusBarController.m */; };
		F036D5FF17862B7100B3560C /* SYNStatusBar.xib in Resources */ = {isa = PBXBuildFile; fileRef = F036D5FD17862B7100B3560C /* SYNStatusBar.xib */; };
		F036D60217899E7300B3560C /* Basket.xcdatamodeld in Sources */ = {isa = PBXBuildFile; fileRef = F036D60017899E7300B3560C /* Basket.xcdatamodeld */; };
		F036D6451789A09F00B3560C /* CoreData.framework in Frameworks */ = {isa = PBXBuildFile; fileRef = F036D6441789A09F00B3560C /* CoreData.framework */; };
		F036D6481789A59400B3560C /* Cat.m in Sources */ = {isa = PBXBuildFile; fileRef = F036D6471789A59400B3560C /* Cat.m */; };
		F036D64C178A160600B3560C /* MBProgressHUD.m in Sources */ = {isa = PBXBuildFile; fileRef = F036D64B178A160600B3560C /* MBProgressHUD.m */; };
		F070AFD4177716330027C7BA /* UIKit.framework in Frameworks */ = {isa = PBXBuildFile; fileRef = F070AFD3177716330027C7BA /* UIKit.framework */; };
		F070AFD6177716330027C7BA /* Foundation.framework in Frameworks */ = {isa = PBXBuildFile; fileRef = F070AFD5177716330027C7BA /* Foundation.framework */; };
		F070AFD8177716330027C7BA /* CoreGraphics.framework in Frameworks */ = {isa = PBXBuildFile; fileRef = F070AFD7177716330027C7BA /* CoreGraphics.framework */; };
		F070AFDE177716330027C7BA /* InfoPlist.strings in Resources */ = {isa = PBXBuildFile; fileRef = F070AFDC177716330027C7BA /* InfoPlist.strings */; };
		F070AFE0177716330027C7BA /* main.m in Sources */ = {isa = PBXBuildFile; fileRef = F070AFDF177716330027C7BA /* main.m */; };
		F070AFE4177716330027C7BA /* SYNAppDelegate.m in Sources */ = {isa = PBXBuildFile; fileRef = F070AFE3177716330027C7BA /* SYNAppDelegate.m */; };
		F070AFED177716330027C7BA /* SYNRootViewController.m in Sources */ = {isa = PBXBuildFile; fileRef = F070AFEC177716330027C7BA /* SYNRootViewController.m */; };
		F070AFFB177716330027C7BA /* SenTestingKit.framework in Frameworks */ = {isa = PBXBuildFile; fileRef = F070AFFA177716330027C7BA /* SenTestingKit.framework */; };
		F070AFFC177716330027C7BA /* UIKit.framework in Frameworks */ = {isa = PBXBuildFile; fileRef = F070AFD3177716330027C7BA /* UIKit.framework */; };
		F070AFFD177716330027C7BA /* Foundation.framework in Frameworks */ = {isa = PBXBuildFile; fileRef = F070AFD5177716330027C7BA /* Foundation.framework */; };
		F070B005177716340027C7BA /* InfoPlist.strings in Resources */ = {isa = PBXBuildFile; fileRef = F070B003177716340027C7BA /* InfoPlist.strings */; };
		F070B008177716340027C7BA /* Cat_StreamerTests.m in Sources */ = {isa = PBXBuildFile; fileRef = F070B007177716340027C7BA /* Cat_StreamerTests.m */; };
		F070B017177716CA0027C7BA /* libz.dylib in Frameworks */ = {isa = PBXBuildFile; fileRef = F070B016177716CA0027C7BA /* libz.dylib */; };
		F070B0A4177718D40027C7BA /* AFHTTPClient.m in Sources */ = {isa = PBXBuildFile; fileRef = F070B047177718D30027C7BA /* AFHTTPClient.m */; };
		F070B0A5177718D40027C7BA /* AFHTTPClient.m in Sources */ = {isa = PBXBuildFile; fileRef = F070B047177718D30027C7BA /* AFHTTPClient.m */; };
		F070B0A6177718D40027C7BA /* AFHTTPRequestOperation.m in Sources */ = {isa = PBXBuildFile; fileRef = F070B049177718D30027C7BA /* AFHTTPRequestOperation.m */; };
		F070B0A7177718D40027C7BA /* AFHTTPRequestOperation.m in Sources */ = {isa = PBXBuildFile; fileRef = F070B049177718D30027C7BA /* AFHTTPRequestOperation.m */; };
		F070B0A8177718D40027C7BA /* AFImageRequestOperation.m in Sources */ = {isa = PBXBuildFile; fileRef = F070B04B177718D30027C7BA /* AFImageRequestOperation.m */; };
		F070B0A9177718D40027C7BA /* AFImageRequestOperation.m in Sources */ = {isa = PBXBuildFile; fileRef = F070B04B177718D30027C7BA /* AFImageRequestOperation.m */; };
		F070B0AA177718D40027C7BA /* AFJSONRequestOperation.m in Sources */ = {isa = PBXBuildFile; fileRef = F070B04D177718D30027C7BA /* AFJSONRequestOperation.m */; };
		F070B0AB177718D40027C7BA /* AFJSONRequestOperation.m in Sources */ = {isa = PBXBuildFile; fileRef = F070B04D177718D30027C7BA /* AFJSONRequestOperation.m */; };
		F070B0AC177718D40027C7BA /* AFNetworkActivityIndicatorManager.m in Sources */ = {isa = PBXBuildFile; fileRef = F070B04F177718D30027C7BA /* AFNetworkActivityIndicatorManager.m */; };
		F070B0AD177718D40027C7BA /* AFNetworkActivityIndicatorManager.m in Sources */ = {isa = PBXBuildFile; fileRef = F070B04F177718D30027C7BA /* AFNetworkActivityIndicatorManager.m */; };
		F070B0AE177718D40027C7BA /* AFPropertyListRequestOperation.m in Sources */ = {isa = PBXBuildFile; fileRef = F070B052177718D30027C7BA /* AFPropertyListRequestOperation.m */; };
		F070B0AF177718D40027C7BA /* AFPropertyListRequestOperation.m in Sources */ = {isa = PBXBuildFile; fileRef = F070B052177718D30027C7BA /* AFPropertyListRequestOperation.m */; };
		F070B0B0177718D40027C7BA /* AFURLConnectionOperation.m in Sources */ = {isa = PBXBuildFile; fileRef = F070B054177718D30027C7BA /* AFURLConnectionOperation.m */; };
		F070B0B1177718D40027C7BA /* AFURLConnectionOperation.m in Sources */ = {isa = PBXBuildFile; fileRef = F070B054177718D30027C7BA /* AFURLConnectionOperation.m */; };
		F070B0B2177718D40027C7BA /* AFXMLRequestOperation.m in Sources */ = {isa = PBXBuildFile; fileRef = F070B056177718D30027C7BA /* AFXMLRequestOperation.m */; };
		F070B0B3177718D40027C7BA /* AFXMLRequestOperation.m in Sources */ = {isa = PBXBuildFile; fileRef = F070B056177718D30027C7BA /* AFXMLRequestOperation.m */; };
		F070B0B4177718D40027C7BA /* UIImageView+AFNetworking.m in Sources */ = {isa = PBXBuildFile; fileRef = F070B058177718D30027C7BA /* UIImageView+AFNetworking.m */; };
		F070B0B5177718D40027C7BA /* UIImageView+AFNetworking.m in Sources */ = {isa = PBXBuildFile; fileRef = F070B058177718D30027C7BA /* UIImageView+AFNetworking.m */; };
		F070B14917771AA10027C7BA /* ImageIO.framework in Frameworks */ = {isa = PBXBuildFile; fileRef = F070B14817771AA10027C7BA /* ImageIO.framework */; };
		F070B153177723C30027C7BA /* SYNCatHerder.m in Sources */ = {isa = PBXBuildFile; fileRef = F070B152177723C30027C7BA /* SYNCatHerder.m */; };
		F070B154177723C30027C7BA /* SYNCatHerder.m in Sources */ = {isa = PBXBuildFile; fileRef = F070B152177723C30027C7BA /* SYNCatHerder.m */; };
		F070B157177724470027C7BA /* SYNCatViewController.m in Sources */ = {isa = PBXBuildFile; fileRef = F070B156177724470027C7BA /* SYNCatViewController.m */; };
		F070B158177724470027C7BA /* SYNCatViewController.m in Sources */ = {isa = PBXBuildFile; fileRef = F070B156177724470027C7BA /* SYNCatViewController.m */; };
		F070B15F1777285A0027C7BA /* Cats.storyboard in Resources */ = {isa = PBXBuildFile; fileRef = F070B15E1777285A0027C7BA /* Cats.storyboard */; };
		F070B1601777285A0027C7BA /* Cats.storyboard in Resources */ = {isa = PBXBuildFile; fileRef = F070B15E1777285A0027C7BA /* Cats.storyboard */; };
		F070B16917777EE70027C7BA /* nyan-cat-white-background.gif in Resources */ = {isa = PBXBuildFile; fileRef = F070B16817777EE70027C7BA /* nyan-cat-white-background.gif */; };
		F070B16A17777EE70027C7BA /* nyan-cat-white-background.gif in Resources */ = {isa = PBXBuildFile; fileRef = F070B16817777EE70027C7BA /* nyan-cat-white-background.gif */; };
		F070B172177798140027C7BA /* Default.png in Resources */ = {isa = PBXBuildFile; fileRef = F070B16E177798140027C7BA /* Default.png */; };
		F070B173177798140027C7BA /* Default.png in Resources */ = {isa = PBXBuildFile; fileRef = F070B16E177798140027C7BA /* Default.png */; };
		F070B174177798140027C7BA /* Default@2x.png in Resources */ = {isa = PBXBuildFile; fileRef = F070B16F177798140027C7BA /* Default@2x.png */; };
		F070B175177798140027C7BA /* Default@2x.png in Resources */ = {isa = PBXBuildFile; fileRef = F070B16F177798140027C7BA /* Default@2x.png */; };
		F070B177177798760027C7BA /* Default-568h@2x.png in Resources */ = {isa = PBXBuildFile; fileRef = F070B176177798750027C7BA /* Default-568h@2x.png */; };
/* End PBXBuildFile section */

/* Begin PBXContainerItemProxy section */
		F070AFFE177716340027C7BA /* PBXContainerItemProxy */ = {
			isa = PBXContainerItemProxy;
			containerPortal = F070AFC8177716330027C7BA /* Project object */;
			proxyType = 1;
			remoteGlobalIDString = F070AFCF177716330027C7BA;
			remoteInfo = "Cat Streamer";
		};
/* End PBXContainerItemProxy section */

/* Begin PBXFileReference section */
		4D08AE2D17D5882700231594 /* Images.xcassets */ = {isa = PBXFileReference; lastKnownFileType = folder.assetcatalog; path = Images.xcassets; sourceTree = "<group>"; };
		4D08AE3517D589ED00231594 /* nyancon@2x.jpg */ = {isa = PBXFileReference; lastKnownFileType = image.jpeg; path = "nyancon@2x.jpg"; sourceTree = "<group>"; };
		4D08AE3717D58A0B00231594 /* nyancon@2x.png */ = {isa = PBXFileReference; lastKnownFileType = image.png; path = "nyancon@2x.png"; sourceTree = "<group>"; };
		4D08AE3917D58A3600231594 /* nyancon.png */ = {isa = PBXFileReference; lastKnownFileType = image.png; path = nyancon.png; sourceTree = "<group>"; };
		4D08AE3B17D58A5800231594 /* nyancon-b@2x.png */ = {isa = PBXFileReference; lastKnownFileType = image.png; path = "nyancon-b@2x.png"; sourceTree = "<group>"; };
		4D62DD1117D56F86009B65B3 /* NSTimer+Blocks.h */ = {isa = PBXFileReference; fileEncoding = 4; lastKnownFileType = sourcecode.c.h; path = "NSTimer+Blocks.h"; sourceTree = "<group>"; };
		4D62DD1217D56F86009B65B3 /* NSTimer+Blocks.m */ = {isa = PBXFileReference; fileEncoding = 4; lastKnownFileType = sourcecode.c.objc; path = "NSTimer+Blocks.m"; sourceTree = "<group>"; };
		4DB98FA0184ACDF3007F0D97 /* en */ = {isa = PBXFileReference; lastKnownFileType = text.plist.strings; name = en; path = en.lproj/OWActivityViewController.strings; sourceTree = "<group>"; };
		4DB98FA3184ACDF3007F0D97 /* de */ = {isa = PBXFileReference; lastKnownFileType = text.plist.strings; name = de; path = de.lproj/OWActivityViewController.strings; sourceTree = "<group>"; };
		4DB98FA4184ACDF3007F0D97 /* en */ = {isa = PBXFileReference; lastKnownFileType = text.plist.strings; name = en; path = en.lproj/OWActivityViewController.strings; sourceTree = "<group>"; };
		4DB98FA5184ACDF3007F0D97 /* es */ = {isa = PBXFileReference; lastKnownFileType = text.plist.strings; name = es; path = es.lproj/OWActivityViewController.strings; sourceTree = "<group>"; };
		4DB98FA6184ACDF3007F0D97 /* fr */ = {isa = PBXFileReference; lastKnownFileType = text.plist.strings; name = fr; path = fr.lproj/OWActivityViewController.strings; sourceTree = "<group>"; };
		4DB98FA7184ACDF3007F0D97 /* ru */ = {isa = PBXFileReference; lastKnownFileType = text.plist.strings; name = ru; path = ru.lproj/OWActivityViewController.strings; sourceTree = "<group>"; };
		4DB98FA8184ACDF3007F0D97 /* sv */ = {isa = PBXFileReference; lastKnownFileType = text.plist.strings; name = sv; path = sv.lproj/OWActivityViewController.strings; sourceTree = "<group>"; };
		4DB98FA9184ACDF3007F0D97 /* zh-Hans */ = {isa = PBXFileReference; lastKnownFileType = text.plist.strings; name = "zh-Hans"; path = "zh-Hans.lproj/OWActivityViewController.strings"; sourceTree = "<group>"; };
		4DB98FAA184ACDF3007F0D97 /* OWActivities.h */ = {isa = PBXFileReference; fileEncoding = 4; lastKnownFileType = sourcecode.c.h; path = OWActivities.h; sourceTree = "<group>"; };
		4DB98FAB184ACDF3007F0D97 /* OWActivity.h */ = {isa = PBXFileReference; fileEncoding = 4; lastKnownFileType = sourcecode.c.h; path = OWActivity.h; sourceTree = "<group>"; };
		4DB98FAC184ACDF3007F0D97 /* OWActivity.m */ = {isa = PBXFileReference; fileEncoding = 4; lastKnownFileType = sourcecode.c.objc; path = OWActivity.m; sourceTree = "<group>"; };
		4DB98FAD184ACDF3007F0D97 /* OWActivityDelegateObject.h */ = {isa = PBXFileReference; fileEncoding = 4; lastKnownFileType = sourcecode.c.h; path = OWActivityDelegateObject.h; sourceTree = "<group>"; };
		4DB98FAE184ACDF3007F0D97 /* OWActivityDelegateObject.m */ = {isa = PBXFileReference; fileEncoding = 4; lastKnownFileType = sourcecode.c.objc; path = OWActivityDelegateObject.m; sourceTree = "<group>"; };
		4DB98FAF184ACDF3007F0D97 /* OWActivityView.h */ = {isa = PBXFileReference; fileEncoding = 4; lastKnownFileType = sourcecode.c.h; path = OWActivityView.h; sourceTree = "<group>"; };
		4DB98FB0184ACDF3007F0D97 /* OWActivityView.m */ = {isa = PBXFileReference; fileEncoding = 4; lastKnownFileType = sourcecode.c.objc; path = OWActivityView.m; sourceTree = "<group>"; };
		4DB98FB1184ACDF3007F0D97 /* OWActivityViewController.bundle */ = {isa = PBXFileReference; lastKnownFileType = "wrapper.plug-in"; path = OWActivityViewController.bundle; sourceTree = "<group>"; };
		4DB98FB2184ACDF3007F0D97 /* OWActivityViewController.h */ = {isa = PBXFileReference; fileEncoding = 4; lastKnownFileType = sourcecode.c.h; path = OWActivityViewController.h; sourceTree = "<group>"; };
		4DB98FB3184ACDF3007F0D97 /* OWActivityViewController.m */ = {isa = PBXFileReference; fileEncoding = 4; lastKnownFileType = sourcecode.c.objc; path = OWActivityViewController.m; sourceTree = "<group>"; };
		4DB98FB4184ACDF3007F0D97 /* OWCopyActivity.h */ = {isa = PBXFileReference; fileEncoding = 4; lastKnownFileType = sourcecode.c.h; path = OWCopyActivity.h; sourceTree = "<group>"; };
		4DB98FB5184ACDF3007F0D97 /* OWCopyActivity.m */ = {isa = PBXFileReference; fileEncoding = 4; lastKnownFileType = sourcecode.c.objc; path = OWCopyActivity.m; sourceTree = "<group>"; };
		4DB98FB6184ACDF3007F0D97 /* OWFacebookActivity.h */ = {isa = PBXFileReference; fileEncoding = 4; lastKnownFileType = sourcecode.c.h; path = OWFacebookActivity.h; sourceTree = "<group>"; };
		4DB98FB7184ACDF3007F0D97 /* OWFacebookActivity.m */ = {isa = PBXFileReference; fileEncoding = 4; lastKnownFileType = sourcecode.c.objc; path = OWFacebookActivity.m; sourceTree = "<group>"; };
		4DB98FB8184ACDF3007F0D97 /* OWMailActivity.h */ = {isa = PBXFileReference; fileEncoding = 4; lastKnownFileType = sourcecode.c.h; path = OWMailActivity.h; sourceTree = "<group>"; };
		4DB98FB9184ACDF3007F0D97 /* OWMailActivity.m */ = {isa = PBXFileReference; fileEncoding = 4; lastKnownFileType = sourcecode.c.objc; path = OWMailActivity.m; sourceTree = "<group>"; };
		4DB98FBA184ACDF3007F0D97 /* OWMapsActivity.h */ = {isa = PBXFileReference; fileEncoding = 4; lastKnownFileType = sourcecode.c.h; path = OWMapsActivity.h; sourceTree = "<group>"; };
		4DB98FBB184ACDF3007F0D97 /* OWMapsActivity.m */ = {isa = PBXFileReference; fileEncoding = 4; lastKnownFileType = sourcecode.c.objc; path = OWMapsActivity.m; sourceTree = "<group>"; };
		4DB98FBC184ACDF3007F0D97 /* OWMessageActivity.h */ = {isa = PBXFileReference; fileEncoding = 4; lastKnownFileType = sourcecode.c.h; path = OWMessageActivity.h; sourceTree = "<group>"; };
		4DB98FBD184ACDF3007F0D97 /* OWMessageActivity.m */ = {isa = PBXFileReference; fileEncoding = 4; lastKnownFileType = sourcecode.c.objc; path = OWMessageActivity.m; sourceTree = "<group>"; };
		4DB98FBE184ACDF3007F0D97 /* OWPrintActivity.h */ = {isa = PBXFileReference; fileEncoding = 4; lastKnownFileType = sourcecode.c.h; path = OWPrintActivity.h; sourceTree = "<group>"; };
		4DB98FBF184ACDF3007F0D97 /* OWPrintActivity.m */ = {isa = PBXFileReference; fileEncoding = 4; lastKnownFileType = sourcecode.c.objc; path = OWPrintActivity.m; sourceTree = "<group>"; };
		4DB98FC0184ACDF3007F0D97 /* OWSafariActivity.h */ = {isa = PBXFileReference; fileEncoding = 4; lastKnownFileType = sourcecode.c.h; path = OWSafariActivity.h; sourceTree = "<group>"; };
		4DB98FC1184ACDF3007F0D97 /* OWSafariActivity.m */ = {isa = PBXFileReference; fileEncoding = 4; lastKnownFileType = sourcecode.c.objc; path = OWSafariActivity.m; sourceTree = "<group>"; };
		4DB98FC2184ACDF3007F0D97 /* OWSaveToCameraRollActivity.h */ = {isa = PBXFileReference; fileEncoding = 4; lastKnownFileType = sourcecode.c.h; path = OWSaveToCameraRollActivity.h; sourceTree = "<group>"; };
		4DB98FC3184ACDF3007F0D97 /* OWSaveToCameraRollActivity.m */ = {isa = PBXFileReference; fileEncoding = 4; lastKnownFileType = sourcecode.c.objc; path = OWSaveToCameraRollActivity.m; sourceTree = "<group>"; };
		4DB98FC4184ACDF3007F0D97 /* OWSinaWeiboActivity.h */ = {isa = PBXFileReference; fileEncoding = 4; lastKnownFileType = sourcecode.c.h; path = OWSinaWeiboActivity.h; sourceTree = "<group>"; };
		4DB98FC5184ACDF3007F0D97 /* OWSinaWeiboActivity.m */ = {isa = PBXFileReference; fileEncoding = 4; lastKnownFileType = sourcecode.c.objc; path = OWSinaWeiboActivity.m; sourceTree = "<group>"; };
		4DB98FC6184ACDF3007F0D97 /* OWTwitterActivity.h */ = {isa = PBXFileReference; fileEncoding = 4; lastKnownFileType = sourcecode.c.h; path = OWTwitterActivity.h; sourceTree = "<group>"; };
		4DB98FC7184ACDF3007F0D97 /* OWTwitterActivity.m */ = {isa = PBXFileReference; fileEncoding = 4; lastKnownFileType = sourcecode.c.objc; path = OWTwitterActivity.m; sourceTree = "<group>"; };
		4DB98FCA184ACDF3007F0D97 /* UIImage+Resize.h */ = {isa = PBXFileReference; fileEncoding = 4; lastKnownFileType = sourcecode.c.h; path = "UIImage+Resize.h"; sourceTree = "<group>"; };
		4DB98FCB184ACDF3007F0D97 /* UIImage+Resize.m */ = {isa = PBXFileReference; fileEncoding = 4; lastKnownFileType = sourcecode.c.objc; path = "UIImage+Resize.m"; sourceTree = "<group>"; };
		4DB98FCD184ACDF3007F0D97 /* libWeChatSDK.a */ = {isa = PBXFileReference; lastKnownFileType = archive.ar; path = libWeChatSDK.a; sourceTree = "<group>"; };
		4DB98FCE184ACDF3007F0D97 /* libWeChatSDK_armv7_armv7s.a */ = {isa = PBXFileReference; lastKnownFileType = archive.ar; path = libWeChatSDK_armv7_armv7s.a; sourceTree = "<group>"; };
		4DB98FCF184ACDF3007F0D97 /* WXApi.h */ = {isa = PBXFileReference; fileEncoding = 4; lastKnownFileType = sourcecode.c.h; path = WXApi.h; sourceTree = "<group>"; };
		4DB98FD0184ACDF3007F0D97 /* WXApiObject.h */ = {isa = PBXFileReference; fileEncoding = 4; lastKnownFileType = sourcecode.c.h; path = WXApiObject.h; sourceTree = "<group>"; };
		4DB98FD1184ACDF3007F0D97 /* zh-Hans */ = {isa = PBXFileReference; lastKnownFileType = text.plist.strings; name = "zh-Hans"; path = "zh-Hans.lproj/OWActivityViewController.strings"; sourceTree = "<group>"; };
		4DB98FE7184ACE09007F0D97 /* AssetsLibrary.framework */ = {isa = PBXFileReference; lastKnownFileType = wrapper.framework; name = AssetsLibrary.framework; path = System/Library/Frameworks/AssetsLibrary.framework; sourceTree = SDKROOT; };
		4DB98FE9184ACE16007F0D97 /* MessageUI.framework */ = {isa = PBXFileReference; lastKnownFileType = wrapper.framework; name = MessageUI.framework; path = System/Library/Frameworks/MessageUI.framework; sourceTree = SDKROOT; };
		4DB98FEB184ACE1E007F0D97 /* Twitter.framework */ = {isa = PBXFileReference; lastKnownFileType = wrapper.framework; name = Twitter.framework; path = System/Library/Frameworks/Twitter.framework; sourceTree = SDKROOT; };
		4DB98FED184ACE2F007F0D97 /* Social.framework */ = {isa = PBXFileReference; lastKnownFileType = wrapper.framework; name = Social.framework; path = System/Library/Frameworks/Social.framework; sourceTree = SDKROOT; };
		4DB98FF4184ACFCA007F0D97 /* libWeChatSDK_armv7_armv7s.a */ = {isa = PBXFileReference; lastKnownFileType = archive.ar; name = libWeChatSDK_armv7_armv7s.a; path = "../../Downloads/OWActivityViewController-master/OWActivityViewController/WeChatSDK/libWeChatSDK_armv7_armv7s.a"; sourceTree = "<group>"; };
		4DB98FF5184ACFCA007F0D97 /* libWeChatSDK.a */ = {isa = PBXFileReference; lastKnownFileType = archive.ar; name = libWeChatSDK.a; path = "../../Downloads/OWActivityViewController-master/OWActivityViewController/WeChatSDK/libWeChatSDK.a"; sourceTree = "<group>"; };
		4DB98FF8184ADE30007F0D97 /* libTestFlight.a */ = {isa = PBXFileReference; lastKnownFileType = archive.ar; path = libTestFlight.a; sourceTree = "<group>"; };
		4DB98FFA184ADE9B007F0D97 /* TestFlight.h */ = {isa = PBXFileReference; fileEncoding = 4; lastKnownFileType = sourcecode.c.h; path = TestFlight.h; sourceTree = "<group>"; };
		4DB98FFB184ADE9B007F0D97 /* TestFlight+AsyncLogging.h */ = {isa = PBXFileReference; fileEncoding = 4; lastKnownFileType = sourcecode.c.h; path = "TestFlight+AsyncLogging.h"; sourceTree = "<group>"; };
		4DB98FFC184ADE9B007F0D97 /* TestFlight+ManualSessions.h */ = {isa = PBXFileReference; fileEncoding = 4; lastKnownFileType = sourcecode.c.h; path = "TestFlight+ManualSessions.h"; sourceTree = "<group>"; };
		F01A4034177A91FE00EB77AB /* OLImage.h */ = {isa = PBXFileReference; fileEncoding = 4; lastKnownFileType = sourcecode.c.h; name = OLImage.h; path = OLImageView/OLImage.h; sourceTree = "<group>"; };
		F01A4035177A91FE00EB77AB /* OLImage.m */ = {isa = PBXFileReference; fileEncoding = 4; lastKnownFileType = sourcecode.c.objc; name = OLImage.m; path = OLImageView/OLImage.m; sourceTree = "<group>"; };
		F01A4036177A91FE00EB77AB /* OLImageView.h */ = {isa = PBXFileReference; fileEncoding = 4; lastKnownFileType = sourcecode.c.h; name = OLImageView.h; path = OLImageView/OLImageView.h; sourceTree = "<group>"; };
		F01A4037177A91FE00EB77AB /* OLImageView.m */ = {isa = PBXFileReference; fileEncoding = 4; lastKnownFileType = sourcecode.c.objc; name = OLImageView.m; path = OLImageView/OLImageView.m; sourceTree = "<group>"; };
		F01A403A177A938F00EB77AB /* QuartzCore.framework */ = {isa = PBXFileReference; lastKnownFileType = wrapper.framework; name = QuartzCore.framework; path = System/Library/Frameworks/QuartzCore.framework; sourceTree = SDKROOT; };
		F01A403C177A93BD00EB77AB /* MobileCoreServices.framework */ = {isa = PBXFileReference; lastKnownFileType = wrapper.framework; name = MobileCoreServices.framework; path = System/Library/Frameworks/MobileCoreServices.framework; sourceTree = SDKROOT; };
		F036D5FB17862B7100B3560C /* SYNStatusBarController.h */ = {isa = PBXFileReference; fileEncoding = 4; lastKnownFileType = sourcecode.c.h; path = SYNStatusBarController.h; sourceTree = "<group>"; };
		F036D5FC17862B7100B3560C /* SYNStatusBarController.m */ = {isa = PBXFileReference; fileEncoding = 4; lastKnownFileType = sourcecode.c.objc; path = SYNStatusBarController.m; sourceTree = "<group>"; };
		F036D5FD17862B7100B3560C /* SYNStatusBar.xib */ = {isa = PBXFileReference; fileEncoding = 4; lastKnownFileType = file.xib; path = SYNStatusBar.xib; sourceTree = "<group>"; };
		F036D60117899E7300B3560C /* Basket.xcdatamodel */ = {isa = PBXFileReference; lastKnownFileType = wrapper.xcdatamodel; path = Basket.xcdatamodel; sourceTree = "<group>"; };
		F036D6441789A09F00B3560C /* CoreData.framework */ = {isa = PBXFileReference; lastKnownFileType = wrapper.framework; name = CoreData.framework; path = System/Library/Frameworks/CoreData.framework; sourceTree = SDKROOT; };
		F036D6461789A59400B3560C /* Cat.h */ = {isa = PBXFileReference; fileEncoding = 4; lastKnownFileType = sourcecode.c.h; path = Cat.h; sourceTree = "<group>"; };
		F036D6471789A59400B3560C /* Cat.m */ = {isa = PBXFileReference; fileEncoding = 4; lastKnownFileType = sourcecode.c.objc; path = Cat.m; sourceTree = "<group>"; };
		F036D64A178A15F800B3560C /* MBProgressHUD.h */ = {isa = PBXFileReference; fileEncoding = 4; lastKnownFileType = sourcecode.c.h; path = MBProgressHUD.h; sourceTree = "<group>"; };
		F036D64B178A160600B3560C /* MBProgressHUD.m */ = {isa = PBXFileReference; fileEncoding = 4; lastKnownFileType = sourcecode.c.objc; path = MBProgressHUD.m; sourceTree = "<group>"; };
		F070AFD0177716330027C7BA /* Cat Streamer.app */ = {isa = PBXFileReference; explicitFileType = wrapper.application; includeInIndex = 0; path = "Cat Streamer.app"; sourceTree = BUILT_PRODUCTS_DIR; };
		F070AFD3177716330027C7BA /* UIKit.framework */ = {isa = PBXFileReference; lastKnownFileType = wrapper.framework; name = UIKit.framework; path = System/Library/Frameworks/UIKit.framework; sourceTree = SDKROOT; };
		F070AFD5177716330027C7BA /* Foundation.framework */ = {isa = PBXFileReference; lastKnownFileType = wrapper.framework; name = Foundation.framework; path = System/Library/Frameworks/Foundation.framework; sourceTree = SDKROOT; };
		F070AFD7177716330027C7BA /* CoreGraphics.framework */ = {isa = PBXFileReference; lastKnownFileType = wrapper.framework; name = CoreGraphics.framework; path = System/Library/Frameworks/CoreGraphics.framework; sourceTree = SDKROOT; };
		F070AFDB177716330027C7BA /* Cat Streamer-Info.plist */ = {isa = PBXFileReference; lastKnownFileType = text.plist.xml; path = "Cat Streamer-Info.plist"; sourceTree = "<group>"; };
		F070AFDD177716330027C7BA /* en */ = {isa = PBXFileReference; lastKnownFileType = text.plist.strings; name = en; path = en.lproj/InfoPlist.strings; sourceTree = "<group>"; };
		F070AFDF177716330027C7BA /* main.m */ = {isa = PBXFileReference; lastKnownFileType = sourcecode.c.objc; path = main.m; sourceTree = "<group>"; };
		F070AFE1177716330027C7BA /* Cat Streamer-Prefix.pch */ = {isa = PBXFileReference; lastKnownFileType = sourcecode.c.h; path = "Cat Streamer-Prefix.pch"; sourceTree = "<group>"; };
		F070AFE2177716330027C7BA /* SYNAppDelegate.h */ = {isa = PBXFileReference; lastKnownFileType = sourcecode.c.h; path = SYNAppDelegate.h; sourceTree = "<group>"; };
		F070AFE3177716330027C7BA /* SYNAppDelegate.m */ = {isa = PBXFileReference; lastKnownFileType = sourcecode.c.objc; path = SYNAppDelegate.m; sourceTree = "<group>"; };
		F070AFEB177716330027C7BA /* SYNRootViewController.h */ = {isa = PBXFileReference; lastKnownFileType = sourcecode.c.h; path = SYNRootViewController.h; sourceTree = "<group>"; };
		F070AFEC177716330027C7BA /* SYNRootViewController.m */ = {isa = PBXFileReference; lastKnownFileType = sourcecode.c.objc; path = SYNRootViewController.m; sourceTree = "<group>"; };
		F070AFF9177716330027C7BA /* Cat StreamerTests.octest */ = {isa = PBXFileReference; explicitFileType = wrapper.cfbundle; includeInIndex = 0; path = "Cat StreamerTests.octest"; sourceTree = BUILT_PRODUCTS_DIR; };
		F070AFFA177716330027C7BA /* SenTestingKit.framework */ = {isa = PBXFileReference; lastKnownFileType = wrapper.framework; name = SenTestingKit.framework; path = Library/Frameworks/SenTestingKit.framework; sourceTree = DEVELOPER_DIR; };
		F070B002177716340027C7BA /* Cat StreamerTests-Info.plist */ = {isa = PBXFileReference; lastKnownFileType = text.plist.xml; path = "Cat StreamerTests-Info.plist"; sourceTree = "<group>"; };
		F070B004177716340027C7BA /* en */ = {isa = PBXFileReference; lastKnownFileType = text.plist.strings; name = en; path = en.lproj/InfoPlist.strings; sourceTree = "<group>"; };
		F070B006177716340027C7BA /* Cat_StreamerTests.h */ = {isa = PBXFileReference; lastKnownFileType = sourcecode.c.h; path = Cat_StreamerTests.h; sourceTree = "<group>"; };
		F070B007177716340027C7BA /* Cat_StreamerTests.m */ = {isa = PBXFileReference; lastKnownFileType = sourcecode.c.objc; path = Cat_StreamerTests.m; sourceTree = "<group>"; };
		F070B016177716CA0027C7BA /* libz.dylib */ = {isa = PBXFileReference; lastKnownFileType = "compiled.mach-o.dylib"; name = libz.dylib; path = usr/lib/libz.dylib; sourceTree = SDKROOT; };
		F070B046177718D30027C7BA /* AFHTTPClient.h */ = {isa = PBXFileReference; fileEncoding = 4; lastKnownFileType = sourcecode.c.h; name = AFHTTPClient.h; path = AFNetworking/AFHTTPClient.h; sourceTree = "<group>"; };
		F070B047177718D30027C7BA /* AFHTTPClient.m */ = {isa = PBXFileReference; fileEncoding = 4; lastKnownFileType = sourcecode.c.objc; name = AFHTTPClient.m; path = AFNetworking/AFHTTPClient.m; sourceTree = "<group>"; };
		F070B048177718D30027C7BA /* AFHTTPRequestOperation.h */ = {isa = PBXFileReference; fileEncoding = 4; lastKnownFileType = sourcecode.c.h; name = AFHTTPRequestOperation.h; path = AFNetworking/AFHTTPRequestOperation.h; sourceTree = "<group>"; };
		F070B049177718D30027C7BA /* AFHTTPRequestOperation.m */ = {isa = PBXFileReference; fileEncoding = 4; lastKnownFileType = sourcecode.c.objc; name = AFHTTPRequestOperation.m; path = AFNetworking/AFHTTPRequestOperation.m; sourceTree = "<group>"; };
		F070B04A177718D30027C7BA /* AFImageRequestOperation.h */ = {isa = PBXFileReference; fileEncoding = 4; lastKnownFileType = sourcecode.c.h; name = AFImageRequestOperation.h; path = AFNetworking/AFImageRequestOperation.h; sourceTree = "<group>"; };
		F070B04B177718D30027C7BA /* AFImageRequestOperation.m */ = {isa = PBXFileReference; fileEncoding = 4; lastKnownFileType = sourcecode.c.objc; name = AFImageRequestOperation.m; path = AFNetworking/AFImageRequestOperation.m; sourceTree = "<group>"; };
		F070B04C177718D30027C7BA /* AFJSONRequestOperation.h */ = {isa = PBXFileReference; fileEncoding = 4; lastKnownFileType = sourcecode.c.h; name = AFJSONRequestOperation.h; path = AFNetworking/AFJSONRequestOperation.h; sourceTree = "<group>"; };
		F070B04D177718D30027C7BA /* AFJSONRequestOperation.m */ = {isa = PBXFileReference; fileEncoding = 4; lastKnownFileType = sourcecode.c.objc; name = AFJSONRequestOperation.m; path = AFNetworking/AFJSONRequestOperation.m; sourceTree = "<group>"; };
		F070B04E177718D30027C7BA /* AFNetworkActivityIndicatorManager.h */ = {isa = PBXFileReference; fileEncoding = 4; lastKnownFileType = sourcecode.c.h; name = AFNetworkActivityIndicatorManager.h; path = AFNetworking/AFNetworkActivityIndicatorManager.h; sourceTree = "<group>"; };
		F070B04F177718D30027C7BA /* AFNetworkActivityIndicatorManager.m */ = {isa = PBXFileReference; fileEncoding = 4; lastKnownFileType = sourcecode.c.objc; name = AFNetworkActivityIndicatorManager.m; path = AFNetworking/AFNetworkActivityIndicatorManager.m; sourceTree = "<group>"; };
		F070B050177718D30027C7BA /* AFNetworking.h */ = {isa = PBXFileReference; fileEncoding = 4; lastKnownFileType = sourcecode.c.h; name = AFNetworking.h; path = AFNetworking/AFNetworking.h; sourceTree = "<group>"; };
		F070B051177718D30027C7BA /* AFPropertyListRequestOperation.h */ = {isa = PBXFileReference; fileEncoding = 4; lastKnownFileType = sourcecode.c.h; name = AFPropertyListRequestOperation.h; path = AFNetworking/AFPropertyListRequestOperation.h; sourceTree = "<group>"; };
		F070B052177718D30027C7BA /* AFPropertyListRequestOperation.m */ = {isa = PBXFileReference; fileEncoding = 4; lastKnownFileType = sourcecode.c.objc; name = AFPropertyListRequestOperation.m; path = AFNetworking/AFPropertyListRequestOperation.m; sourceTree = "<group>"; };
		F070B053177718D30027C7BA /* AFURLConnectionOperation.h */ = {isa = PBXFileReference; fileEncoding = 4; lastKnownFileType = sourcecode.c.h; name = AFURLConnectionOperation.h; path = AFNetworking/AFURLConnectionOperation.h; sourceTree = "<group>"; };
		F070B054177718D30027C7BA /* AFURLConnectionOperation.m */ = {isa = PBXFileReference; fileEncoding = 4; lastKnownFileType = sourcecode.c.objc; name = AFURLConnectionOperation.m; path = AFNetworking/AFURLConnectionOperation.m; sourceTree = "<group>"; };
		F070B055177718D30027C7BA /* AFXMLRequestOperation.h */ = {isa = PBXFileReference; fileEncoding = 4; lastKnownFileType = sourcecode.c.h; name = AFXMLRequestOperation.h; path = AFNetworking/AFXMLRequestOperation.h; sourceTree = "<group>"; };
		F070B056177718D30027C7BA /* AFXMLRequestOperation.m */ = {isa = PBXFileReference; fileEncoding = 4; lastKnownFileType = sourcecode.c.objc; name = AFXMLRequestOperation.m; path = AFNetworking/AFXMLRequestOperation.m; sourceTree = "<group>"; };
		F070B057177718D30027C7BA /* UIImageView+AFNetworking.h */ = {isa = PBXFileReference; fileEncoding = 4; lastKnownFileType = sourcecode.c.h; name = "UIImageView+AFNetworking.h"; path = "AFNetworking/UIImageView+AFNetworking.h"; sourceTree = "<group>"; };
		F070B058177718D30027C7BA /* UIImageView+AFNetworking.m */ = {isa = PBXFileReference; fileEncoding = 4; lastKnownFileType = sourcecode.c.objc; name = "UIImageView+AFNetworking.m"; path = "AFNetworking/UIImageView+AFNetworking.m"; sourceTree = "<group>"; };
		F070B14817771AA10027C7BA /* ImageIO.framework */ = {isa = PBXFileReference; lastKnownFileType = wrapper.framework; name = ImageIO.framework; path = System/Library/Frameworks/ImageIO.framework; sourceTree = SDKROOT; };
		F070B151177723C20027C7BA /* SYNCatHerder.h */ = {isa = PBXFileReference; fileEncoding = 4; lastKnownFileType = sourcecode.c.h; name = SYNCatHerder.h; path = ../SYNCatHerder.h; sourceTree = "<group>"; };
		F070B152177723C30027C7BA /* SYNCatHerder.m */ = {isa = PBXFileReference; fileEncoding = 4; lastKnownFileType = sourcecode.c.objc; name = SYNCatHerder.m; path = ../SYNCatHerder.m; sourceTree = "<group>"; };
		F070B155177724470027C7BA /* SYNCatViewController.h */ = {isa = PBXFileReference; fileEncoding = 4; lastKnownFileType = sourcecode.c.h; path = SYNCatViewController.h; sourceTree = "<group>"; };
		F070B156177724470027C7BA /* SYNCatViewController.m */ = {isa = PBXFileReference; fileEncoding = 4; lastKnownFileType = sourcecode.c.objc; path = SYNCatViewController.m; sourceTree = "<group>"; };
		F070B15E1777285A0027C7BA /* Cats.storyboard */ = {isa = PBXFileReference; fileEncoding = 4; lastKnownFileType = file.storyboard; path = Cats.storyboard; sourceTree = "<group>"; };
		F070B16817777EE70027C7BA /* nyan-cat-white-background.gif */ = {isa = PBXFileReference; lastKnownFileType = image.gif; path = "nyan-cat-white-background.gif"; sourceTree = "<group>"; };
		F070B16E177798140027C7BA /* Default.png */ = {isa = PBXFileReference; lastKnownFileType = image.png; path = Default.png; sourceTree = "<group>"; };
		F070B16F177798140027C7BA /* Default@2x.png */ = {isa = PBXFileReference; lastKnownFileType = image.png; path = "Default@2x.png"; sourceTree = "<group>"; };
		F070B176177798750027C7BA /* Default-568h@2x.png */ = {isa = PBXFileReference; lastKnownFileType = image.png; name = "Default-568h@2x.png"; path = "../../../Default-568h@2x.png"; sourceTree = "<group>"; };
		F070B1781777DD200027C7BA /* iAd.framework */ = {isa = PBXFileReference; lastKnownFileType = wrapper.framework; name = iAd.framework; path = System/Library/Frameworks/iAd.framework; sourceTree = SDKROOT; };
/* End PBXFileReference section */

/* Begin PBXFrameworksBuildPhase section */
		F070AFCD177716330027C7BA /* Frameworks */ = {
			isa = PBXFrameworksBuildPhase;
			buildActionMask = 2147483647;
			files = (
				4DB98FF3184ACF6E007F0D97 /* AssetsLibrary.framework in Frameworks */,
				4DB98FF9184ADE30007F0D97 /* libTestFlight.a in Frameworks */,
				4DB98FF2184ACF5F007F0D97 /* MessageUI.framework in Frameworks */,
				4DB98FF1184ACF22007F0D97 /* Twitter.framework in Frameworks */,
				4DB98FF0184ACF1D007F0D97 /* Social.framework in Frameworks */,
				F036D6451789A09F00B3560C /* CoreData.framework in Frameworks */,
				F036D5FA17861DBE00B3560C /* iAd.framework in Frameworks */,
				F01A403D177A93BD00EB77AB /* MobileCoreServices.framework in Frameworks */,
				F01A403B177A938F00EB77AB /* QuartzCore.framework in Frameworks */,
				F070B14917771AA10027C7BA /* ImageIO.framework in Frameworks */,
				F070AFD4177716330027C7BA /* UIKit.framework in Frameworks */,
				F070AFD6177716330027C7BA /* Foundation.framework in Frameworks */,
				F070AFD8177716330027C7BA /* CoreGraphics.framework in Frameworks */,
				F070B017177716CA0027C7BA /* libz.dylib in Frameworks */,
			);
			runOnlyForDeploymentPostprocessing = 0;
		};
		F070AFF5177716330027C7BA /* Frameworks */ = {
			isa = PBXFrameworksBuildPhase;
			buildActionMask = 2147483647;
			files = (
				F070AFFB177716330027C7BA /* SenTestingKit.framework in Frameworks */,
				F070AFFC177716330027C7BA /* UIKit.framework in Frameworks */,
				F070AFFD177716330027C7BA /* Foundation.framework in Frameworks */,
			);
			runOnlyForDeploymentPostprocessing = 0;
		};
/* End PBXFrameworksBuildPhase section */

/* Begin PBXGroup section */
		4DB98F9E184ACDF3007F0D97 /* OWActivityViewController */ = {
			isa = PBXGroup;
			children = (
				4DB98F9F184ACDF3007F0D97 /* OWActivityViewController.strings */,
				4DB98FA1184ACDF3007F0D97 /* Localizations */,
				4DB98FAA184ACDF3007F0D97 /* OWActivities.h */,
				4DB98FAB184ACDF3007F0D97 /* OWActivity.h */,
				4DB98FAC184ACDF3007F0D97 /* OWActivity.m */,
				4DB98FAD184ACDF3007F0D97 /* OWActivityDelegateObject.h */,
				4DB98FAE184ACDF3007F0D97 /* OWActivityDelegateObject.m */,
				4DB98FAF184ACDF3007F0D97 /* OWActivityView.h */,
				4DB98FB0184ACDF3007F0D97 /* OWActivityView.m */,
				4DB98FB1184ACDF3007F0D97 /* OWActivityViewController.bundle */,
				4DB98FB2184ACDF3007F0D97 /* OWActivityViewController.h */,
				4DB98FB3184ACDF3007F0D97 /* OWActivityViewController.m */,
				4DB98FB4184ACDF3007F0D97 /* OWCopyActivity.h */,
				4DB98FB5184ACDF3007F0D97 /* OWCopyActivity.m */,
				4DB98FB6184ACDF3007F0D97 /* OWFacebookActivity.h */,
				4DB98FB7184ACDF3007F0D97 /* OWFacebookActivity.m */,
				4DB98FB8184ACDF3007F0D97 /* OWMailActivity.h */,
				4DB98FB9184ACDF3007F0D97 /* OWMailActivity.m */,
				4DB98FBA184ACDF3007F0D97 /* OWMapsActivity.h */,
				4DB98FBB184ACDF3007F0D97 /* OWMapsActivity.m */,
				4DB98FBC184ACDF3007F0D97 /* OWMessageActivity.h */,
				4DB98FBD184ACDF3007F0D97 /* OWMessageActivity.m */,
				4DB98FBE184ACDF3007F0D97 /* OWPrintActivity.h */,
				4DB98FBF184ACDF3007F0D97 /* OWPrintActivity.m */,
				4DB98FC0184ACDF3007F0D97 /* OWSafariActivity.h */,
				4DB98FC1184ACDF3007F0D97 /* OWSafariActivity.m */,
				4DB98FC2184ACDF3007F0D97 /* OWSaveToCameraRollActivity.h */,
				4DB98FC3184ACDF3007F0D97 /* OWSaveToCameraRollActivity.m */,
				4DB98FC4184ACDF3007F0D97 /* OWSinaWeiboActivity.h */,
				4DB98FC5184ACDF3007F0D97 /* OWSinaWeiboActivity.m */,
				4DB98FC6184ACDF3007F0D97 /* OWTwitterActivity.h */,
				4DB98FC7184ACDF3007F0D97 /* OWTwitterActivity.m */,
				4DB98FCA184ACDF3007F0D97 /* UIImage+Resize.h */,
				4DB98FCB184ACDF3007F0D97 /* UIImage+Resize.m */,
				4DB98FCC184ACDF3007F0D97 /* WeChatSDK */,
			);
			path = OWActivityViewController;
			sourceTree = "<group>";
		};
		4DB98FA1184ACDF3007F0D97 /* Localizations */ = {
			isa = PBXGroup;
			children = (
				4DB98FA2184ACDF3007F0D97 /* OWActivityViewController.strings */,
			);
			path = Localizations;
			sourceTree = "<group>";
		};
		4DB98FCC184ACDF3007F0D97 /* WeChatSDK */ = {
			isa = PBXGroup;
			children = (
				4DB98FCD184ACDF3007F0D97 /* libWeChatSDK.a */,
				4DB98FCE184ACDF3007F0D97 /* libWeChatSDK_armv7_armv7s.a */,
				4DB98FCF184ACDF3007F0D97 /* WXApi.h */,
				4DB98FD0184ACDF3007F0D97 /* WXApiObject.h */,
			);
			path = WeChatSDK;
			sourceTree = "<group>";
		};
		F036D649178A15DF00B3560C /* MBProgressHUD */ = {
			isa = PBXGroup;
			children = (
				F036D64A178A15F800B3560C /* MBProgressHUD.h */,
				F036D64B178A160600B3560C /* MBProgressHUD.m */,
			);
			name = MBProgressHUD;
			sourceTree = "<group>";
		};
		F070AFC7177716330027C7BA = {
			isa = PBXGroup;
			children = (
				F070AFD9177716330027C7BA /* Cat Streamer */,
				F070B000177716340027C7BA /* Cat StreamerTests */,
				F070B011177716650027C7BA /* Submodules */,
				F070AFD2177716330027C7BA /* Frameworks */,
				F070AFD1177716330027C7BA /* Products */,
			);
			sourceTree = "<group>";
		};
		F070AFD1177716330027C7BA /* Products */ = {
			isa = PBXGroup;
			children = (
				F070AFD0177716330027C7BA /* Cat Streamer.app */,
				F070AFF9177716330027C7BA /* Cat StreamerTests.octest */,
			);
			name = Products;
			sourceTree = "<group>";
		};
		F070AFD2177716330027C7BA /* Frameworks */ = {
			isa = PBXGroup;
			children = (
				4DB98FF4184ACFCA007F0D97 /* libWeChatSDK_armv7_armv7s.a */,
				4DB98FF5184ACFCA007F0D97 /* libWeChatSDK.a */,
				4DB98FED184ACE2F007F0D97 /* Social.framework */,
				4DB98FEB184ACE1E007F0D97 /* Twitter.framework */,
				4DB98FE9184ACE16007F0D97 /* MessageUI.framework */,
				4DB98FE7184ACE09007F0D97 /* AssetsLibrary.framework */,
				F036D6441789A09F00B3560C /* CoreData.framework */,
				F070B1781777DD200027C7BA /* iAd.framework */,
				F01A403C177A93BD00EB77AB /* MobileCoreServices.framework */,
				F01A403A177A938F00EB77AB /* QuartzCore.framework */,
				F070B14817771AA10027C7BA /* ImageIO.framework */,
				F070B016177716CA0027C7BA /* libz.dylib */,
				F070AFD3177716330027C7BA /* UIKit.framework */,
				F070AFD5177716330027C7BA /* Foundation.framework */,
				F070AFD7177716330027C7BA /* CoreGraphics.framework */,
				F070AFFA177716330027C7BA /* SenTestingKit.framework */,
			);
			name = Frameworks;
			sourceTree = "<group>";
		};
		F070AFD9177716330027C7BA /* Cat Streamer */ = {
			isa = PBXGroup;
			children = (
				F070AFE2177716330027C7BA /* SYNAppDelegate.h */,
				F070AFE3177716330027C7BA /* SYNAppDelegate.m */,
				F036D6461789A59400B3560C /* Cat.h */,
				F036D6471789A59400B3560C /* Cat.m */,
				F070AFEB177716330027C7BA /* SYNRootViewController.h */,
				F070AFEC177716330027C7BA /* SYNRootViewController.m */,
				F036D5FB17862B7100B3560C /* SYNStatusBarController.h */,
				F036D5FC17862B7100B3560C /* SYNStatusBarController.m */,
				F070B155177724470027C7BA /* SYNCatViewController.h */,
				F070B156177724470027C7BA /* SYNCatViewController.m */,
				F070B151177723C20027C7BA /* SYNCatHerder.h */,
				F070B152177723C30027C7BA /* SYNCatHerder.m */,
				F070AFDA177716330027C7BA /* Supporting Files */,
				F070B15E1777285A0027C7BA /* Cats.storyboard */,
				F036D5FD17862B7100B3560C /* SYNStatusBar.xib */,
				F036D60017899E7300B3560C /* Basket.xcdatamodeld */,
				4D08AE2D17D5882700231594 /* Images.xcassets */,
			);
			path = "Cat Streamer";
			sourceTree = "<group>";
		};
		F070AFDA177716330027C7BA /* Supporting Files */ = {
			isa = PBXGroup;
			children = (
				F070B16B177798140027C7BA /* Assets */,
				F070B16117772AD50027C7BA /* Cats */,
				4DB98FF8184ADE30007F0D97 /* libTestFlight.a */,
				4DB98FFA184ADE9B007F0D97 /* TestFlight.h */,
				4DB98FFB184ADE9B007F0D97 /* TestFlight+AsyncLogging.h */,
				4DB98FFC184ADE9B007F0D97 /* TestFlight+ManualSessions.h */,
				F070AFDB177716330027C7BA /* Cat Streamer-Info.plist */,
				F070AFDC177716330027C7BA /* InfoPlist.strings */,
				F070AFDF177716330027C7BA /* main.m */,
				F070AFE1177716330027C7BA /* Cat Streamer-Prefix.pch */,
			);
			name = "Supporting Files";
			sourceTree = "<group>";
		};
		F070B000177716340027C7BA /* Cat StreamerTests */ = {
			isa = PBXGroup;
			children = (
				F070B006177716340027C7BA /* Cat_StreamerTests.h */,
				F070B007177716340027C7BA /* Cat_StreamerTests.m */,
				F070B001177716340027C7BA /* Supporting Files */,
			);
			path = "Cat StreamerTests";
			sourceTree = "<group>";
		};
		F070B001177716340027C7BA /* Supporting Files */ = {
			isa = PBXGroup;
			children = (
				F070B002177716340027C7BA /* Cat StreamerTests-Info.plist */,
				F070B003177716340027C7BA /* InfoPlist.strings */,
			);
			name = "Supporting Files";
			sourceTree = "<group>";
		};
		F070B011177716650027C7BA /* Submodules */ = {
			isa = PBXGroup;
			children = (
				4DB98F9E184ACDF3007F0D97 /* OWActivityViewController */,
				F036D649178A15DF00B3560C /* MBProgressHUD */,
				F01A4034177A91FE00EB77AB /* OLImage.h */,
				F01A4035177A91FE00EB77AB /* OLImage.m */,
				F01A4036177A91FE00EB77AB /* OLImageView.h */,
				F01A4037177A91FE00EB77AB /* OLImageView.m */,
				F070B042177718D30027C7BA /* AFNetworking */,
				4D62DD1117D56F86009B65B3 /* NSTimer+Blocks.h */,
				4D62DD1217D56F86009B65B3 /* NSTimer+Blocks.m */,
			);
			name = Submodules;
			sourceTree = "<group>";
		};
		F070B042177718D30027C7BA /* AFNetworking */ = {
			isa = PBXGroup;
			children = (
				F070B046177718D30027C7BA /* AFHTTPClient.h */,
				F070B047177718D30027C7BA /* AFHTTPClient.m */,
				F070B048177718D30027C7BA /* AFHTTPRequestOperation.h */,
				F070B049177718D30027C7BA /* AFHTTPRequestOperation.m */,
				F070B04A177718D30027C7BA /* AFImageRequestOperation.h */,
				F070B04B177718D30027C7BA /* AFImageRequestOperation.m */,
				F070B04C177718D30027C7BA /* AFJSONRequestOperation.h */,
				F070B04D177718D30027C7BA /* AFJSONRequestOperation.m */,
				F070B04E177718D30027C7BA /* AFNetworkActivityIndicatorManager.h */,
				F070B04F177718D30027C7BA /* AFNetworkActivityIndicatorManager.m */,
				F070B050177718D30027C7BA /* AFNetworking.h */,
				F070B051177718D30027C7BA /* AFPropertyListRequestOperation.h */,
				F070B052177718D30027C7BA /* AFPropertyListRequestOperation.m */,
				F070B053177718D30027C7BA /* AFURLConnectionOperation.h */,
				F070B054177718D30027C7BA /* AFURLConnectionOperation.m */,
				F070B055177718D30027C7BA /* AFXMLRequestOperation.h */,
				F070B056177718D30027C7BA /* AFXMLRequestOperation.m */,
				F070B057177718D30027C7BA /* UIImageView+AFNetworking.h */,
				F070B058177718D30027C7BA /* UIImageView+AFNetworking.m */,
			);
			path = AFNetworking;
			sourceTree = "<group>";
		};
		F070B16117772AD50027C7BA /* Cats */ = {
			isa = PBXGroup;
			children = (
				F070B16817777EE70027C7BA /* nyan-cat-white-background.gif */,
			);
			path = Cats;
			sourceTree = "<group>";
		};
		F070B16B177798140027C7BA /* Assets */ = {
			isa = PBXGroup;
			children = (
				4D08AE3B17D58A5800231594 /* nyancon-b@2x.png */,
				4D08AE3917D58A3600231594 /* nyancon.png */,
				4D08AE3717D58A0B00231594 /* nyancon@2x.png */,
				4D08AE3517D589ED00231594 /* nyancon@2x.jpg */,
				F070B16C177798140027C7BA /* Launchers */,
			);
			path = Assets;
			sourceTree = "<group>";
		};
		F070B16C177798140027C7BA /* Launchers */ = {
			isa = PBXGroup;
			children = (
				F070B176177798750027C7BA /* Default-568h@2x.png */,
				F070B16E177798140027C7BA /* Default.png */,
				F070B16F177798140027C7BA /* Default@2x.png */,
			);
			path = Launchers;
			sourceTree = "<group>";
		};
/* End PBXGroup section */

/* Begin PBXNativeTarget section */
		F070AFCF177716330027C7BA /* Cat Streamer */ = {
			isa = PBXNativeTarget;
			buildConfigurationList = F070B00B177716340027C7BA /* Build configuration list for PBXNativeTarget "Cat Streamer" */;
			buildPhases = (
				F070AFCC177716330027C7BA /* Sources */,
				F070AFCD177716330027C7BA /* Frameworks */,
				F070AFCE177716330027C7BA /* Resources */,
			);
			buildRules = (
			);
			dependencies = (
			);
			name = "Cat Streamer";
			productName = "Cat Streamer";
			productReference = F070AFD0177716330027C7BA /* Cat Streamer.app */;
			productType = "com.apple.product-type.application";
		};
		F070AFF8177716330027C7BA /* Cat StreamerTests */ = {
			isa = PBXNativeTarget;
			buildConfigurationList = F070B00E177716340027C7BA /* Build configuration list for PBXNativeTarget "Cat StreamerTests" */;
			buildPhases = (
				F070AFF4177716330027C7BA /* Sources */,
				F070AFF5177716330027C7BA /* Frameworks */,
				F070AFF6177716330027C7BA /* Resources */,
				F070AFF7177716330027C7BA /* ShellScript */,
			);
			buildRules = (
			);
			dependencies = (
				F070AFFF177716340027C7BA /* PBXTargetDependency */,
			);
			name = "Cat StreamerTests";
			productName = "Cat StreamerTests";
			productReference = F070AFF9177716330027C7BA /* Cat StreamerTests.octest */;
			productType = "com.apple.product-type.bundle";
		};
/* End PBXNativeTarget section */

/* Begin PBXProject section */
		F070AFC8177716330027C7BA /* Project object */ = {
			isa = PBXProject;
			attributes = {
				CLASSPREFIX = SYN;
				LastUpgradeCheck = 0460;
				ORGANIZATIONNAME = "Mark Olson";
				TargetAttributes = {
					F070AFCF177716330027C7BA = {
						DevelopmentTeam = 3GPLXW6899;
					};
				};
			};
			buildConfigurationList = F070AFCB177716330027C7BA /* Build configuration list for PBXProject "Cat Streamer" */;
			compatibilityVersion = "Xcode 3.2";
			developmentRegion = English;
			hasScannedForEncodings = 0;
			knownRegions = (
				en,
				de,
				es,
				fr,
				ru,
				sv,
				"zh-Hans",
			);
			mainGroup = F070AFC7177716330027C7BA;
			productRefGroup = F070AFD1177716330027C7BA /* Products */;
			projectDirPath = "";
			projectRoot = "";
			targets = (
				F070AFCF177716330027C7BA /* Cat Streamer */,
				F070AFF8177716330027C7BA /* Cat StreamerTests */,
			);
		};
/* End PBXProject section */

/* Begin PBXResourcesBuildPhase section */
		F070AFCE177716330027C7BA /* Resources */ = {
			isa = PBXResourcesBuildPhase;
			buildActionMask = 2147483647;
			files = (
				4DB98FD2184ACDF3007F0D97 /* OWActivityViewController.strings in Resources */,
				F070AFDE177716330027C7BA /* InfoPlist.strings in Resources */,
				4D08AE3817D58A0B00231594 /* nyancon@2x.png in Resources */,
				4D08AE3A17D58A3600231594 /* nyancon.png in Resources */,
				4DB98FD3184ACDF3007F0D97 /* OWActivityViewController.strings in Resources */,
				4DB98FD7184ACDF3007F0D97 /* OWActivityViewController.bundle in Resources */,
				4D08AE2E17D5882700231594 /* Images.xcassets in Resources */,
				F070B15F1777285A0027C7BA /* Cats.storyboard in Resources */,
				F070B16917777EE70027C7BA /* nyan-cat-white-background.gif in Resources */,
				4D08AE3C17D58A5800231594 /* nyancon-b@2x.png in Resources */,
				F070B172177798140027C7BA /* Default.png in Resources */,
				F036D5FF17862B7100B3560C /* SYNStatusBar.xib in Resources */,
				F070B174177798140027C7BA /* Default@2x.png in Resources */,
				4D08AE3617D589ED00231594 /* nyancon@2x.jpg in Resources */,
				F070B177177798760027C7BA /* Default-568h@2x.png in Resources */,
			);
			runOnlyForDeploymentPostprocessing = 0;
		};
		F070AFF6177716330027C7BA /* Resources */ = {
			isa = PBXResourcesBuildPhase;
			buildActionMask = 2147483647;
			files = (
				F070B005177716340027C7BA /* InfoPlist.strings in Resources */,
				F070B1601777285A0027C7BA /* Cats.storyboard in Resources */,
				F070B16A17777EE70027C7BA /* nyan-cat-white-background.gif in Resources */,
				F070B173177798140027C7BA /* Default.png in Resources */,
				F070B175177798140027C7BA /* Default@2x.png in Resources */,
			);
			runOnlyForDeploymentPostprocessing = 0;
		};
/* End PBXResourcesBuildPhase section */

/* Begin PBXShellScriptBuildPhase section */
		F070AFF7177716330027C7BA /* ShellScript */ = {
			isa = PBXShellScriptBuildPhase;
			buildActionMask = 2147483647;
			files = (
			);
			inputPaths = (
			);
			outputPaths = (
			);
			runOnlyForDeploymentPostprocessing = 0;
			shellPath = /bin/sh;
			shellScript = "# Run the unit tests in this test bundle.\n\"${SYSTEM_DEVELOPER_DIR}/Tools/RunUnitTests\"\n";
		};
/* End PBXShellScriptBuildPhase section */

/* Begin PBXSourcesBuildPhase section */
		F070AFCC177716330027C7BA /* Sources */ = {
			isa = PBXSourcesBuildPhase;
			buildActionMask = 2147483647;
			files = (
				F070AFE0177716330027C7BA /* main.m in Sources */,
				4DB98FD8184ACDF3007F0D97 /* OWActivityViewController.m in Sources */,
				4DB98FE1184ACDF3007F0D97 /* OWSinaWeiboActivity.m in Sources */,
				4DB98FDD184ACDF3007F0D97 /* OWMessageActivity.m in Sources */,
				4DB98FD6184ACDF3007F0D97 /* OWActivityView.m in Sources */,
				F070AFE4177716330027C7BA /* SYNAppDelegate.m in Sources */,
				F01A4038177A91FE00EB77AB /* OLImage.m in Sources */,
				F070AFED177716330027C7BA /* SYNRootViewController.m in Sources */,
				F070B0A4177718D40027C7BA /* AFHTTPClient.m in Sources */,
				4DB98FE4184ACDF3007F0D97 /* UIImage+Resize.m in Sources */,
				F070B0A6177718D40027C7BA /* AFHTTPRequestOperation.m in Sources */,
				4DB98FE0184ACDF3007F0D97 /* OWSaveToCameraRollActivity.m in Sources */,
				F036D5FE17862B7100B3560C /* SYNStatusBarController.m in Sources */,
				F036D64C178A160600B3560C /* MBProgressHUD.m in Sources */,
				4DB98FD5184ACDF3007F0D97 /* OWActivityDelegateObject.m in Sources */,
				4DB98FDE184ACDF3007F0D97 /* OWPrintActivity.m in Sources */,
				4DB98FD9184ACDF3007F0D97 /* OWCopyActivity.m in Sources */,
				F070B0A8177718D40027C7BA /* AFImageRequestOperation.m in Sources */,
				F070B0AA177718D40027C7BA /* AFJSONRequestOperation.m in Sources */,
				F070B0AC177718D40027C7BA /* AFNetworkActivityIndicatorManager.m in Sources */,
				4DB98FDA184ACDF3007F0D97 /* OWFacebookActivity.m in Sources */,
				F036D6481789A59400B3560C /* Cat.m in Sources */,
				4DB98FDB184ACDF3007F0D97 /* OWMailActivity.m in Sources */,
				4DB98FDC184ACDF3007F0D97 /* OWMapsActivity.m in Sources */,
				4D62DD1317D56F86009B65B3 /* NSTimer+Blocks.m in Sources */,
				4DB98FDF184ACDF3007F0D97 /* OWSafariActivity.m in Sources */,
				F070B0AE177718D40027C7BA /* AFPropertyListRequestOperation.m in Sources */,
				F070B0B0177718D40027C7BA /* AFURLConnectionOperation.m in Sources */,
				F070B0B2177718D40027C7BA /* AFXMLRequestOperation.m in Sources */,
				F036D60217899E7300B3560C /* Basket.xcdatamodeld in Sources */,
				F070B0B4177718D40027C7BA /* UIImageView+AFNetworking.m in Sources */,
				4DB98FE2184ACDF3007F0D97 /* OWTwitterActivity.m in Sources */,
				F070B153177723C30027C7BA /* SYNCatHerder.m in Sources */,
				F01A4039177A91FE00EB77AB /* OLImageView.m in Sources */,
				4DB98FD4184ACDF3007F0D97 /* OWActivity.m in Sources */,
				F070B157177724470027C7BA /* SYNCatViewController.m in Sources */,
			);
			runOnlyForDeploymentPostprocessing = 0;
		};
		F070AFF4177716330027C7BA /* Sources */ = {
			isa = PBXSourcesBuildPhase;
			buildActionMask = 2147483647;
			files = (
				F070B008177716340027C7BA /* Cat_StreamerTests.m in Sources */,
				F070B0A5177718D40027C7BA /* AFHTTPClient.m in Sources */,
				F070B0A7177718D40027C7BA /* AFHTTPRequestOperation.m in Sources */,
				F070B0A9177718D40027C7BA /* AFImageRequestOperation.m in Sources */,
				F070B0AB177718D40027C7BA /* AFJSONRequestOperation.m in Sources */,
				F070B0AD177718D40027C7BA /* AFNetworkActivityIndicatorManager.m in Sources */,
				F070B0AF177718D40027C7BA /* AFPropertyListRequestOperation.m in Sources */,
				F070B0B1177718D40027C7BA /* AFURLConnectionOperation.m in Sources */,
				F070B0B3177718D40027C7BA /* AFXMLRequestOperation.m in Sources */,
				F070B0B5177718D40027C7BA /* UIImageView+AFNetworking.m in Sources */,
				F070B154177723C30027C7BA /* SYNCatHerder.m in Sources */,
				F070B158177724470027C7BA /* SYNCatViewController.m in Sources */,
			);
			runOnlyForDeploymentPostprocessing = 0;
		};
/* End PBXSourcesBuildPhase section */

/* Begin PBXTargetDependency section */
		F070AFFF177716340027C7BA /* PBXTargetDependency */ = {
			isa = PBXTargetDependency;
			target = F070AFCF177716330027C7BA /* Cat Streamer */;
			targetProxy = F070AFFE177716340027C7BA /* PBXContainerItemProxy */;
		};
/* End PBXTargetDependency section */

/* Begin PBXVariantGroup section */
		4DB98F9F184ACDF3007F0D97 /* OWActivityViewController.strings */ = {
			isa = PBXVariantGroup;
			children = (
				4DB98FA0184ACDF3007F0D97 /* en */,
				4DB98FD1184ACDF3007F0D97 /* zh-Hans */,
			);
			name = OWActivityViewController.strings;
			sourceTree = "<group>";
		};
		4DB98FA2184ACDF3007F0D97 /* OWActivityViewController.strings */ = {
			isa = PBXVariantGroup;
			children = (
				4DB98FA3184ACDF3007F0D97 /* de */,
				4DB98FA4184ACDF3007F0D97 /* en */,
				4DB98FA5184ACDF3007F0D97 /* es */,
				4DB98FA6184ACDF3007F0D97 /* fr */,
				4DB98FA7184ACDF3007F0D97 /* ru */,
				4DB98FA8184ACDF3007F0D97 /* sv */,
				4DB98FA9184ACDF3007F0D97 /* zh-Hans */,
			);
			name = OWActivityViewController.strings;
			sourceTree = "<group>";
		};
		F070AFDC177716330027C7BA /* InfoPlist.strings */ = {
			isa = PBXVariantGroup;
			children = (
				F070AFDD177716330027C7BA /* en */,
			);
			name = InfoPlist.strings;
			sourceTree = "<group>";
		};
		F070B003177716340027C7BA /* InfoPlist.strings */ = {
			isa = PBXVariantGroup;
			children = (
				F070B004177716340027C7BA /* en */,
			);
			name = InfoPlist.strings;
			sourceTree = "<group>";
		};
/* End PBXVariantGroup section */

/* Begin XCBuildConfiguration section */
		F070B009177716340027C7BA /* Debug */ = {
			isa = XCBuildConfiguration;
			buildSettings = {
				ALWAYS_SEARCH_USER_PATHS = NO;
				CLANG_CXX_LANGUAGE_STANDARD = "gnu++0x";
				CLANG_CXX_LIBRARY = "libc++";
				CLANG_ENABLE_OBJC_ARC = YES;
				CLANG_WARN_CONSTANT_CONVERSION = YES;
				CLANG_WARN_EMPTY_BODY = YES;
				CLANG_WARN_ENUM_CONVERSION = YES;
				CLANG_WARN_INT_CONVERSION = YES;
				CLANG_WARN__DUPLICATE_METHOD_MATCH = YES;
				"CODE_SIGN_IDENTITY[sdk=iphoneos*]" = "iPhone Developer";
				COPY_PHASE_STRIP = NO;
				GCC_C_LANGUAGE_STANDARD = gnu99;
				GCC_DYNAMIC_NO_PIC = NO;
				GCC_OPTIMIZATION_LEVEL = 0;
				GCC_PREPROCESSOR_DEFINITIONS = (
					"DEBUG=1",
					"$(inherited)",
				);
				GCC_SYMBOLS_PRIVATE_EXTERN = NO;
				GCC_WARN_ABOUT_RETURN_TYPE = YES;
				GCC_WARN_UNINITIALIZED_AUTOS = YES;
				GCC_WARN_UNUSED_VARIABLE = YES;
				IPHONEOS_DEPLOYMENT_TARGET = 6.1;
				ONLY_ACTIVE_ARCH = YES;
				SDKROOT = iphoneos;
				TARGETED_DEVICE_FAMILY = "1,2";
			};
			name = Debug;
		};
		F070B00A177716340027C7BA /* Release */ = {
			isa = XCBuildConfiguration;
			buildSettings = {
				ALWAYS_SEARCH_USER_PATHS = NO;
				CLANG_CXX_LANGUAGE_STANDARD = "gnu++0x";
				CLANG_CXX_LIBRARY = "libc++";
				CLANG_ENABLE_OBJC_ARC = YES;
				CLANG_WARN_CONSTANT_CONVERSION = YES;
				CLANG_WARN_EMPTY_BODY = YES;
				CLANG_WARN_ENUM_CONVERSION = YES;
				CLANG_WARN_INT_CONVERSION = YES;
				CLANG_WARN__DUPLICATE_METHOD_MATCH = YES;
				"CODE_SIGN_IDENTITY[sdk=iphoneos*]" = "iPhone Developer";
				COPY_PHASE_STRIP = YES;
				GCC_C_LANGUAGE_STANDARD = gnu99;
				GCC_WARN_ABOUT_RETURN_TYPE = YES;
				GCC_WARN_UNINITIALIZED_AUTOS = YES;
				GCC_WARN_UNUSED_VARIABLE = YES;
				IPHONEOS_DEPLOYMENT_TARGET = 6.1;
				OTHER_CFLAGS = "-DNS_BLOCK_ASSERTIONS=1";
				SDKROOT = iphoneos;
				TARGETED_DEVICE_FAMILY = "1,2";
				VALIDATE_PRODUCT = YES;
			};
			name = Release;
		};
		F070B00C177716340027C7BA /* Debug */ = {
			isa = XCBuildConfiguration;
			buildSettings = {
				ASSETCATALOG_COMPILER_LAUNCHIMAGE_NAME = LaunchImage;
				CODE_SIGN_IDENTITY = "";
				"CODE_SIGN_IDENTITY[sdk=iphoneos*]" = "";
				GCC_PRECOMPILE_PREFIX_HEADER = YES;
				GCC_PREFIX_HEADER = "Cat Streamer/Cat Streamer-Prefix.pch";
				INFOPLIST_FILE = "Cat Streamer/Cat Streamer-Info.plist";
				IPHONEOS_DEPLOYMENT_TARGET = 6.0;
				LIBRARY_SEARCH_PATHS = (
					"$(inherited)",
					"\\\"$(SRCROOT)/Cat\\ Streamer\\\"",
					"/Users/mark/Code/Cat-Streamer/OWActivityViewController/WeChatSDK",
					"/Users/mark/Code/Cat-Streamer/Cat\\ Streamer",
					"/Users/mark/Downloads/OWActivityViewController-master/OWActivityViewController/WeChatSDK",
				);
				PRODUCT_NAME = "$(TARGET_NAME)";
				PROVISIONING_PROFILE = "B1B26C38-D316-4AC0-B5C6-78D8E2D73DFF";
				TARGETED_DEVICE_FAMILY = 1;
				WRAPPER_EXTENSION = app;
			};
			name = Debug;
		};
		F070B00D177716340027C7BA /* Release */ = {
			isa = XCBuildConfiguration;
			buildSettings = {
				ASSETCATALOG_COMPILER_LAUNCHIMAGE_NAME = LaunchImage;
				CODE_SIGN_IDENTITY = "iPhone Distribution: mark olson (3GPLXW6899)";
				"CODE_SIGN_IDENTITY[sdk=iphoneos*]" = "iPhone Distribution: mark olson (3GPLXW6899)";
				GCC_PRECOMPILE_PREFIX_HEADER = YES;
				GCC_PREFIX_HEADER = "Cat Streamer/Cat Streamer-Prefix.pch";
				INFOPLIST_FILE = "Cat Streamer/Cat Streamer-Info.plist";
				IPHONEOS_DEPLOYMENT_TARGET = 6.0;
				LIBRARY_SEARCH_PATHS = (
					"$(inherited)",
					"\\\"$(SRCROOT)/Cat\\ Streamer\\\"",
					"/Users/mark/Code/Cat-Streamer/OWActivityViewController/WeChatSDK",
					"/Users/mark/Code/Cat-Streamer/Cat\\ Streamer",
					"/Users/mark/Downloads/OWActivityViewController-master/OWActivityViewController/WeChatSDK",
				);
				PRODUCT_NAME = "$(TARGET_NAME)";
				PROVISIONING_PROFILE = "B1B26C38-D316-4AC0-B5C6-78D8E2D73DFF";
				TARGETED_DEVICE_FAMILY = 1;
				WRAPPER_EXTENSION = app;
			};
			name = Release;
		};
		F070B00F177716340027C7BA /* Debug */ = {
			isa = XCBuildConfiguration;
			buildSettings = {
				BUNDLE_LOADER = "$(BUILT_PRODUCTS_DIR)/Cat Streamer.app/Cat Streamer";
				FRAMEWORK_SEARCH_PATHS = (
					"\"$(SDKROOT)/Developer/Library/Frameworks\"",
					"\"$(DEVELOPER_LIBRARY_DIR)/Frameworks\"",
				);
				GCC_PRECOMPILE_PREFIX_HEADER = YES;
				GCC_PREFIX_HEADER = "Cat Streamer/Cat Streamer-Prefix.pch";
				INFOPLIST_FILE = "Cat StreamerTests/Cat StreamerTests-Info.plist";
				LIBRARY_SEARCH_PATHS = (
					"$(inherited)",
					"\"$(SRCROOT)/Cat Streamer\"",
				);
				PRODUCT_NAME = "$(TARGET_NAME)";
				TEST_HOST = "$(BUNDLE_LOADER)";
				WRAPPER_EXTENSION = octest;
			};
			name = Debug;
		};
		F070B010177716340027C7BA /* Release */ = {
			isa = XCBuildConfiguration;
			buildSettings = {
				BUNDLE_LOADER = "$(BUILT_PRODUCTS_DIR)/Cat Streamer.app/Cat Streamer";
				FRAMEWORK_SEARCH_PATHS = (
					"\"$(SDKROOT)/Developer/Library/Frameworks\"",
					"\"$(DEVELOPER_LIBRARY_DIR)/Frameworks\"",
				);
				GCC_PRECOMPILE_PREFIX_HEADER = YES;
				GCC_PREFIX_HEADER = "Cat Streamer/Cat Streamer-Prefix.pch";
				INFOPLIST_FILE = "Cat StreamerTests/Cat StreamerTests-Info.plist";
				LIBRARY_SEARCH_PATHS = (
					"$(inherited)",
					"\"$(SRCROOT)/Cat Streamer\"",
				);
				PRODUCT_NAME = "$(TARGET_NAME)";
				TEST_HOST = "$(BUNDLE_LOADER)";
				WRAPPER_EXTENSION = octest;
			};
			name = Release;
		};
/* End XCBuildConfiguration section */

/* Begin XCConfigurationList section */
		F070AFCB177716330027C7BA /* Build configuration list for PBXProject "Cat Streamer" */ = {
			isa = XCConfigurationList;
			buildConfigurations = (
				F070B009177716340027C7BA /* Debug */,
				F070B00A177716340027C7BA /* Release */,
			);
			defaultConfigurationIsVisible = 0;
			defaultConfigurationName = Release;
		};
		F070B00B177716340027C7BA /* Build configuration list for PBXNativeTarget "Cat Streamer" */ = {
			isa = XCConfigurationList;
			buildConfigurations = (
				F070B00C177716340027C7BA /* Debug */,
				F070B00D177716340027C7BA /* Release */,
			);
			defaultConfigurationIsVisible = 0;
			defaultConfigurationName = Release;
		};
		F070B00E177716340027C7BA /* Build configuration list for PBXNativeTarget "Cat StreamerTests" */ = {
			isa = XCConfigurationList;
			buildConfigurations = (
				F070B00F177716340027C7BA /* Debug */,
				F070B010177716340027C7BA /* Release */,
			);
			defaultConfigurationIsVisible = 0;
			defaultConfigurationName = Release;
		};
/* End XCConfigurationList section */

/* Begin XCVersionGroup section */
		F036D60017899E7300B3560C /* Basket.xcdatamodeld */ = {
			isa = XCVersionGroup;
			children = (
				F036D60117899E7300B3560C /* Basket.xcdatamodel */,
			);
			currentVersion = F036D60117899E7300B3560C /* Basket.xcdatamodel */;
			name = Basket.xcdatamodeld;
			path = ../Basket.xcdatamodeld;
			sourceTree = "<group>";
			versionGroupType = wrapper.xcdatamodel;
		};
/* End XCVersionGroup section */
	};
	rootObject = F070AFC8177716330027C7BA /* Project object */;
}
